// !$*UTF8*$!
{
	archiveVersion = 1;
	classes = {
	};
	objectVersion = 60;
	objects = {

/* Begin PBXBuildFile section */
		522307F72B861CAA007CE1A7 /* ScoreCounterApp.swift in Sources */ = {isa = PBXBuildFile; fileRef = 522307F62B861CAA007CE1A7 /* ScoreCounterApp.swift */; };
		522307F92B861CAA007CE1A7 /* ContentView.swift in Sources */ = {isa = PBXBuildFile; fileRef = 522307F82B861CAA007CE1A7 /* ContentView.swift */; };
		522307FB2B861CAC007CE1A7 /* Assets.xcassets in Resources */ = {isa = PBXBuildFile; fileRef = 522307FA2B861CAC007CE1A7 /* Assets.xcassets */; };
		522307FE2B861CAC007CE1A7 /* Preview Assets.xcassets in Resources */ = {isa = PBXBuildFile; fileRef = 522307FD2B861CAC007CE1A7 /* Preview Assets.xcassets */; };
		522308082B861CAD007CE1A7 /* ScoreCounterTests.swift in Sources */ = {isa = PBXBuildFile; fileRef = 522308072B861CAD007CE1A7 /* ScoreCounterTests.swift */; };
		522308122B861CAD007CE1A7 /* ScoreCounterUITests.swift in Sources */ = {isa = PBXBuildFile; fileRef = 522308112B861CAD007CE1A7 /* ScoreCounterUITests.swift */; };
		522308142B861CAD007CE1A7 /* ScoreCounterUITestsLaunchTests.swift in Sources */ = {isa = PBXBuildFile; fileRef = 522308132B861CAD007CE1A7 /* ScoreCounterUITestsLaunchTests.swift */; };
		524B87712B864FA500DECBF9 /* Player.swift in Sources */ = {isa = PBXBuildFile; fileRef = 524B87702B864FA500DECBF9 /* Player.swift */; };
		524B87732B864FF300DECBF9 /* PlayerEditView.swift in Sources */ = {isa = PBXBuildFile; fileRef = 524B87722B864FF300DECBF9 /* PlayerEditView.swift */; };
		524B87752B86579000DECBF9 /* PlayerRow.swift in Sources */ = {isa = PBXBuildFile; fileRef = 524B87742B86579000DECBF9 /* PlayerRow.swift */; };
		524B87772B866BC700DECBF9 /* PlayerActionsView.swift in Sources */ = {isa = PBXBuildFile; fileRef = 524B87762B866BC700DECBF9 /* PlayerActionsView.swift */; };
		524B87792B866C6900DECBF9 /* PlayerFunctions.swift in Sources */ = {isa = PBXBuildFile; fileRef = 524B87782B866C6900DECBF9 /* PlayerFunctions.swift */; };
		524B877B2B86731600DECBF9 /* LandingPageView.swift in Sources */ = {isa = PBXBuildFile; fileRef = 524B877A2B86731500DECBF9 /* LandingPageView.swift */; };
		525C5BEF2B86B32600287B61 /* JDStatusBarNotification in Frameworks */ = {isa = PBXBuildFile; productRef = 525C5BEE2B86B32600287B61 /* JDStatusBarNotification */; };
		525C5BF12B86B9F800287B61 /* FileLoader.swift in Sources */ = {isa = PBXBuildFile; fileRef = 525C5BF02B86B9F700287B61 /* FileLoader.swift */; };
		525C5BF32B86BA7E00287B61 /* data.json in Resources */ = {isa = PBXBuildFile; fileRef = 525C5BF22B86BA7E00287B61 /* data.json */; };
		525C5BF62B876FA800287B61 /* LICENSE in Resources */ = {isa = PBXBuildFile; fileRef = 525C5BF52B876FA800287B61 /* LICENSE */; };
		525C5BF82B876FFF00287B61 /* .gitignore in Resources */ = {isa = PBXBuildFile; fileRef = 525C5BF72B876FFF00287B61 /* .gitignore */; };
		525C5C022B88BFFE00287B61 /* Deck.swift in Sources */ = {isa = PBXBuildFile; fileRef = 525C5C012B88BFFE00287B61 /* Deck.swift */; };
/* End PBXBuildFile section */

/* Begin PBXContainerItemProxy section */
		522308042B861CAD007CE1A7 /* PBXContainerItemProxy */ = {
			isa = PBXContainerItemProxy;
			containerPortal = 522307EB2B861CAA007CE1A7 /* Project object */;
			proxyType = 1;
			remoteGlobalIDString = 522307F22B861CAA007CE1A7;
			remoteInfo = ScoreCounter;
		};
		5223080E2B861CAD007CE1A7 /* PBXContainerItemProxy */ = {
			isa = PBXContainerItemProxy;
			containerPortal = 522307EB2B861CAA007CE1A7 /* Project object */;
			proxyType = 1;
			remoteGlobalIDString = 522307F22B861CAA007CE1A7;
			remoteInfo = ScoreCounter;
		};
/* End PBXContainerItemProxy section */

/* Begin PBXFileReference section */
		522307F32B861CAA007CE1A7 /* ScoreCounter.app */ = {isa = PBXFileReference; explicitFileType = wrapper.application; includeInIndex = 0; path = ScoreCounter.app; sourceTree = BUILT_PRODUCTS_DIR; };
		522307F62B861CAA007CE1A7 /* ScoreCounterApp.swift */ = {isa = PBXFileReference; lastKnownFileType = sourcecode.swift; path = ScoreCounterApp.swift; sourceTree = "<group>"; };
		522307F82B861CAA007CE1A7 /* ContentView.swift */ = {isa = PBXFileReference; lastKnownFileType = sourcecode.swift; path = ContentView.swift; sourceTree = "<group>"; };
		522307FA2B861CAC007CE1A7 /* Assets.xcassets */ = {isa = PBXFileReference; lastKnownFileType = folder.assetcatalog; path = Assets.xcassets; sourceTree = "<group>"; };
		522307FD2B861CAC007CE1A7 /* Preview Assets.xcassets */ = {isa = PBXFileReference; lastKnownFileType = folder.assetcatalog; path = "Preview Assets.xcassets"; sourceTree = "<group>"; };
		522308032B861CAD007CE1A7 /* ScoreCounterTests.xctest */ = {isa = PBXFileReference; explicitFileType = wrapper.cfbundle; includeInIndex = 0; path = ScoreCounterTests.xctest; sourceTree = BUILT_PRODUCTS_DIR; };
		522308072B861CAD007CE1A7 /* ScoreCounterTests.swift */ = {isa = PBXFileReference; lastKnownFileType = sourcecode.swift; path = ScoreCounterTests.swift; sourceTree = "<group>"; };
		5223080D2B861CAD007CE1A7 /* ScoreCounterUITests.xctest */ = {isa = PBXFileReference; explicitFileType = wrapper.cfbundle; includeInIndex = 0; path = ScoreCounterUITests.xctest; sourceTree = BUILT_PRODUCTS_DIR; };
		522308112B861CAD007CE1A7 /* ScoreCounterUITests.swift */ = {isa = PBXFileReference; lastKnownFileType = sourcecode.swift; path = ScoreCounterUITests.swift; sourceTree = "<group>"; };
		522308132B861CAD007CE1A7 /* ScoreCounterUITestsLaunchTests.swift */ = {isa = PBXFileReference; lastKnownFileType = sourcecode.swift; path = ScoreCounterUITestsLaunchTests.swift; sourceTree = "<group>"; };
		524B87702B864FA500DECBF9 /* Player.swift */ = {isa = PBXFileReference; lastKnownFileType = sourcecode.swift; path = Player.swift; sourceTree = "<group>"; };
		524B87722B864FF300DECBF9 /* PlayerEditView.swift */ = {isa = PBXFileReference; lastKnownFileType = sourcecode.swift; path = PlayerEditView.swift; sourceTree = "<group>"; };
		524B87742B86579000DECBF9 /* PlayerRow.swift */ = {isa = PBXFileReference; lastKnownFileType = sourcecode.swift; path = PlayerRow.swift; sourceTree = "<group>"; };
		524B87762B866BC700DECBF9 /* PlayerActionsView.swift */ = {isa = PBXFileReference; lastKnownFileType = sourcecode.swift; path = PlayerActionsView.swift; sourceTree = "<group>"; };
		524B87782B866C6900DECBF9 /* PlayerFunctions.swift */ = {isa = PBXFileReference; lastKnownFileType = sourcecode.swift; path = PlayerFunctions.swift; sourceTree = "<group>"; };
		524B877A2B86731500DECBF9 /* LandingPageView.swift */ = {isa = PBXFileReference; lastKnownFileType = sourcecode.swift; path = LandingPageView.swift; sourceTree = "<group>"; };
		525C5BF02B86B9F700287B61 /* FileLoader.swift */ = {isa = PBXFileReference; lastKnownFileType = sourcecode.swift; path = FileLoader.swift; sourceTree = "<group>"; };
		525C5BF22B86BA7E00287B61 /* data.json */ = {isa = PBXFileReference; lastKnownFileType = text.json; path = data.json; sourceTree = "<group>"; };
		525C5BF42B86C92B00287B61 /* README.md */ = {isa = PBXFileReference; lastKnownFileType = net.daringfireball.markdown; path = README.md; sourceTree = "<group>"; };
		525C5BF52B876FA800287B61 /* LICENSE */ = {isa = PBXFileReference; fileEncoding = 4; lastKnownFileType = text; path = LICENSE; sourceTree = "<group>"; };
		525C5BF72B876FFF00287B61 /* .gitignore */ = {isa = PBXFileReference; fileEncoding = 4; lastKnownFileType = text; path = .gitignore; sourceTree = "<group>"; };
		525C5C012B88BFFE00287B61 /* Deck.swift */ = {isa = PBXFileReference; lastKnownFileType = sourcecode.swift; path = Deck.swift; sourceTree = "<group>"; };
/* End PBXFileReference section */

/* Begin PBXFrameworksBuildPhase section */
		522307F02B861CAA007CE1A7 /* Frameworks */ = {
			isa = PBXFrameworksBuildPhase;
			buildActionMask = 2147483647;
			files = (
				525C5BEF2B86B32600287B61 /* JDStatusBarNotification in Frameworks */,
			);
			runOnlyForDeploymentPostprocessing = 0;
		};
		522308002B861CAD007CE1A7 /* Frameworks */ = {
			isa = PBXFrameworksBuildPhase;
			buildActionMask = 2147483647;
			files = (
			);
			runOnlyForDeploymentPostprocessing = 0;
		};
		5223080A2B861CAD007CE1A7 /* Frameworks */ = {
			isa = PBXFrameworksBuildPhase;
			buildActionMask = 2147483647;
			files = (
			);
			runOnlyForDeploymentPostprocessing = 0;
		};
/* End PBXFrameworksBuildPhase section */

/* Begin PBXGroup section */
		522307EA2B861CAA007CE1A7 = {
			isa = PBXGroup;
			children = (
				525C5BF92B8773D800287B61 /* docs */,
				525C5BF72B876FFF00287B61 /* .gitignore */,
				525C5BF52B876FA800287B61 /* LICENSE */,
				525C5BF42B86C92B00287B61 /* README.md */,
				522307F52B861CAA007CE1A7 /* ScoreCounter */,
				522308062B861CAD007CE1A7 /* ScoreCounterTests */,
				522308102B861CAD007CE1A7 /* ScoreCounterUITests */,
				522307F42B861CAA007CE1A7 /* Products */,
			);
			sourceTree = "<group>";
		};
		522307F42B861CAA007CE1A7 /* Products */ = {
			isa = PBXGroup;
			children = (
				522307F32B861CAA007CE1A7 /* ScoreCounter.app */,
				522308032B861CAD007CE1A7 /* ScoreCounterTests.xctest */,
				5223080D2B861CAD007CE1A7 /* ScoreCounterUITests.xctest */,
			);
			name = Products;
			sourceTree = "<group>";
		};
		522307F52B861CAA007CE1A7 /* ScoreCounter */ = {
			isa = PBXGroup;
			children = (
				525C5C002B88BE0900287B61 /* Controllers */,
				525C5BFF2B88BDD800287B61 /* Views */,
				525C5BFE2B88BB7F00287B61 /* models */,
				525C5BFD2B87887B00287B61 /* data-json */,
				522307F62B861CAA007CE1A7 /* ScoreCounterApp.swift */,
				522307F82B861CAA007CE1A7 /* ContentView.swift */,
				522307FA2B861CAC007CE1A7 /* Assets.xcassets */,
				522307FC2B861CAC007CE1A7 /* Preview Content */,
			);
			path = ScoreCounter;
			sourceTree = "<group>";
		};
		522307FC2B861CAC007CE1A7 /* Preview Content */ = {
			isa = PBXGroup;
			children = (
				522307FD2B861CAC007CE1A7 /* Preview Assets.xcassets */,
			);
			path = "Preview Content";
			sourceTree = "<group>";
		};
		522308062B861CAD007CE1A7 /* ScoreCounterTests */ = {
			isa = PBXGroup;
			children = (
				522308072B861CAD007CE1A7 /* ScoreCounterTests.swift */,
			);
			path = ScoreCounterTests;
			sourceTree = "<group>";
		};
		522308102B861CAD007CE1A7 /* ScoreCounterUITests */ = {
			isa = PBXGroup;
			children = (
				522308112B861CAD007CE1A7 /* ScoreCounterUITests.swift */,
				522308132B861CAD007CE1A7 /* ScoreCounterUITestsLaunchTests.swift */,
			);
			path = ScoreCounterUITests;
			sourceTree = "<group>";
		};
		525C5BF92B8773D800287B61 /* docs */ = {
			isa = PBXGroup;
			children = (
				525C5BFA2B8773EA00287B61 /* assets */,
			);
			path = docs;
			sourceTree = "<group>";
		};
		525C5BFA2B8773EA00287B61 /* assets */ = {
			isa = PBXGroup;
			children = (
			);
			path = assets;
			sourceTree = "<group>";
		};
		525C5BFD2B87887B00287B61 /* data-json */ = {
			isa = PBXGroup;
			children = (
				525C5BF22B86BA7E00287B61 /* data.json */,
			);
			path = "data-json";
			sourceTree = "<group>";
		};
		525C5BFE2B88BB7F00287B61 /* models */ = {
			isa = PBXGroup;
			children = (
				524B87702B864FA500DECBF9 /* Player.swift */,
				525C5BF02B86B9F700287B61 /* FileLoader.swift */,
				525C5C012B88BFFE00287B61 /* Deck.swift */,
			);
			path = models;
			sourceTree = "<group>";
		};
		525C5BFF2B88BDD800287B61 /* Views */ = {
			isa = PBXGroup;
			children = (
				524B87722B864FF300DECBF9 /* PlayerEditView.swift */,
				524B87762B866BC700DECBF9 /* PlayerActionsView.swift */,
				524B87742B86579000DECBF9 /* PlayerRow.swift */,
				524B877A2B86731500DECBF9 /* LandingPageView.swift */,
			);
			path = Views;
			sourceTree = "<group>";
		};
		525C5C002B88BE0900287B61 /* Controllers */ = {
			isa = PBXGroup;
			children = (
				524B87782B866C6900DECBF9 /* PlayerFunctions.swift */,
			);
			path = Controllers;
			sourceTree = "<group>";
		};
/* End PBXGroup section */

/* Begin PBXNativeTarget section */
		522307F22B861CAA007CE1A7 /* ScoreCounter */ = {
			isa = PBXNativeTarget;
			buildConfigurationList = 522308172B861CAD007CE1A7 /* Build configuration list for PBXNativeTarget "ScoreCounter" */;
			buildPhases = (
				522307EF2B861CAA007CE1A7 /* Sources */,
				522307F02B861CAA007CE1A7 /* Frameworks */,
				522307F12B861CAA007CE1A7 /* Resources */,
			);
			buildRules = (
			);
			dependencies = (
			);
			name = ScoreCounter;
			packageProductDependencies = (
				525C5BEE2B86B32600287B61 /* JDStatusBarNotification */,
			);
			productName = ScoreCounter;
			productReference = 522307F32B861CAA007CE1A7 /* ScoreCounter.app */;
			productType = "com.apple.product-type.application";
		};
		522308022B861CAD007CE1A7 /* ScoreCounterTests */ = {
			isa = PBXNativeTarget;
			buildConfigurationList = 5223081A2B861CAD007CE1A7 /* Build configuration list for PBXNativeTarget "ScoreCounterTests" */;
			buildPhases = (
				522307FF2B861CAD007CE1A7 /* Sources */,
				522308002B861CAD007CE1A7 /* Frameworks */,
				522308012B861CAD007CE1A7 /* Resources */,
			);
			buildRules = (
			);
			dependencies = (
				522308052B861CAD007CE1A7 /* PBXTargetDependency */,
			);
			name = ScoreCounterTests;
			productName = ScoreCounterTests;
			productReference = 522308032B861CAD007CE1A7 /* ScoreCounterTests.xctest */;
			productType = "com.apple.product-type.bundle.unit-test";
		};
		5223080C2B861CAD007CE1A7 /* ScoreCounterUITests */ = {
			isa = PBXNativeTarget;
			buildConfigurationList = 5223081D2B861CAD007CE1A7 /* Build configuration list for PBXNativeTarget "ScoreCounterUITests" */;
			buildPhases = (
				522308092B861CAD007CE1A7 /* Sources */,
				5223080A2B861CAD007CE1A7 /* Frameworks */,
				5223080B2B861CAD007CE1A7 /* Resources */,
			);
			buildRules = (
			);
			dependencies = (
				5223080F2B861CAD007CE1A7 /* PBXTargetDependency */,
			);
			name = ScoreCounterUITests;
			productName = ScoreCounterUITests;
			productReference = 5223080D2B861CAD007CE1A7 /* ScoreCounterUITests.xctest */;
			productType = "com.apple.product-type.bundle.ui-testing";
		};
/* End PBXNativeTarget section */

/* Begin PBXProject section */
		522307EB2B861CAA007CE1A7 /* Project object */ = {
			isa = PBXProject;
			attributes = {
				BuildIndependentTargetsInParallel = 1;
				LastSwiftUpdateCheck = 1520;
				LastUpgradeCheck = 1520;
				TargetAttributes = {
					522307F22B861CAA007CE1A7 = {
						CreatedOnToolsVersion = 15.2;
					};
					522308022B861CAD007CE1A7 = {
						CreatedOnToolsVersion = 15.2;
						TestTargetID = 522307F22B861CAA007CE1A7;
					};
					5223080C2B861CAD007CE1A7 = {
						CreatedOnToolsVersion = 15.2;
						TestTargetID = 522307F22B861CAA007CE1A7;
					};
				};
			};
			buildConfigurationList = 522307EE2B861CAA007CE1A7 /* Build configuration list for PBXProject "ScoreCounter" */;
			compatibilityVersion = "Xcode 14.0";
			developmentRegion = en;
			hasScannedForEncodings = 0;
			knownRegions = (
				en,
				Base,
			);
			mainGroup = 522307EA2B861CAA007CE1A7;
			packageReferences = (
				525C5BED2B86B32500287B61 /* XCLocalSwiftPackageReference "JDStatusBarNotification" */,
			);
			productRefGroup = 522307F42B861CAA007CE1A7 /* Products */;
			projectDirPath = "";
			projectRoot = "";
			targets = (
				522307F22B861CAA007CE1A7 /* ScoreCounter */,
				522308022B861CAD007CE1A7 /* ScoreCounterTests */,
				5223080C2B861CAD007CE1A7 /* ScoreCounterUITests */,
			);
		};
/* End PBXProject section */

/* Begin PBXResourcesBuildPhase section */
		522307F12B861CAA007CE1A7 /* Resources */ = {
			isa = PBXResourcesBuildPhase;
			buildActionMask = 2147483647;
			files = (
				525C5BF82B876FFF00287B61 /* .gitignore in Resources */,
				522307FE2B861CAC007CE1A7 /* Preview Assets.xcassets in Resources */,
				525C5BF32B86BA7E00287B61 /* data.json in Resources */,
				525C5BF62B876FA800287B61 /* LICENSE in Resources */,
				522307FB2B861CAC007CE1A7 /* Assets.xcassets in Resources */,
			);
			runOnlyForDeploymentPostprocessing = 0;
		};
		522308012B861CAD007CE1A7 /* Resources */ = {
			isa = PBXResourcesBuildPhase;
			buildActionMask = 2147483647;
			files = (
			);
			runOnlyForDeploymentPostprocessing = 0;
		};
		5223080B2B861CAD007CE1A7 /* Resources */ = {
			isa = PBXResourcesBuildPhase;
			buildActionMask = 2147483647;
			files = (
			);
			runOnlyForDeploymentPostprocessing = 0;
		};
/* End PBXResourcesBuildPhase section */

/* Begin PBXSourcesBuildPhase section */
		522307EF2B861CAA007CE1A7 /* Sources */ = {
			isa = PBXSourcesBuildPhase;
			buildActionMask = 2147483647;
			files = (
				522307F92B861CAA007CE1A7 /* ContentView.swift in Sources */,
				524B87732B864FF300DECBF9 /* PlayerEditView.swift in Sources */,
				525C5C022B88BFFE00287B61 /* Deck.swift in Sources */,
				524B87712B864FA500DECBF9 /* Player.swift in Sources */,
				524B87772B866BC700DECBF9 /* PlayerActionsView.swift in Sources */,
				524B87752B86579000DECBF9 /* PlayerRow.swift in Sources */,
				524B877B2B86731600DECBF9 /* LandingPageView.swift in Sources */,
				525C5BF12B86B9F800287B61 /* FileLoader.swift in Sources */,
				522307F72B861CAA007CE1A7 /* ScoreCounterApp.swift in Sources */,
				524B87792B866C6900DECBF9 /* PlayerFunctions.swift in Sources */,
			);
			runOnlyForDeploymentPostprocessing = 0;
		};
		522307FF2B861CAD007CE1A7 /* Sources */ = {
			isa = PBXSourcesBuildPhase;
			buildActionMask = 2147483647;
			files = (
				522308082B861CAD007CE1A7 /* ScoreCounterTests.swift in Sources */,
			);
			runOnlyForDeploymentPostprocessing = 0;
		};
		522308092B861CAD007CE1A7 /* Sources */ = {
			isa = PBXSourcesBuildPhase;
			buildActionMask = 2147483647;
			files = (
				522308142B861CAD007CE1A7 /* ScoreCounterUITestsLaunchTests.swift in Sources */,
				522308122B861CAD007CE1A7 /* ScoreCounterUITests.swift in Sources */,
			);
			runOnlyForDeploymentPostprocessing = 0;
		};
/* End PBXSourcesBuildPhase section */

/* Begin PBXTargetDependency section */
		522308052B861CAD007CE1A7 /* PBXTargetDependency */ = {
			isa = PBXTargetDependency;
			target = 522307F22B861CAA007CE1A7 /* ScoreCounter */;
			targetProxy = 522308042B861CAD007CE1A7 /* PBXContainerItemProxy */;
		};
		5223080F2B861CAD007CE1A7 /* PBXTargetDependency */ = {
			isa = PBXTargetDependency;
			target = 522307F22B861CAA007CE1A7 /* ScoreCounter */;
			targetProxy = 5223080E2B861CAD007CE1A7 /* PBXContainerItemProxy */;
		};
/* End PBXTargetDependency section */

/* Begin XCBuildConfiguration section */
		522308152B861CAD007CE1A7 /* Debug */ = {
			isa = XCBuildConfiguration;
			buildSettings = {
				ALWAYS_SEARCH_USER_PATHS = NO;
				ASSETCATALOG_COMPILER_GENERATE_SWIFT_ASSET_SYMBOL_EXTENSIONS = YES;
				CLANG_ANALYZER_NONNULL = YES;
				CLANG_ANALYZER_NUMBER_OBJECT_CONVERSION = YES_AGGRESSIVE;
				CLANG_CXX_LANGUAGE_STANDARD = "gnu++20";
				CLANG_ENABLE_MODULES = YES;
				CLANG_ENABLE_OBJC_ARC = YES;
				CLANG_ENABLE_OBJC_WEAK = YES;
				CLANG_WARN_BLOCK_CAPTURE_AUTORELEASING = YES;
				CLANG_WARN_BOOL_CONVERSION = YES;
				CLANG_WARN_COMMA = YES;
				CLANG_WARN_CONSTANT_CONVERSION = YES;
				CLANG_WARN_DEPRECATED_OBJC_IMPLEMENTATIONS = YES;
				CLANG_WARN_DIRECT_OBJC_ISA_USAGE = YES_ERROR;
				CLANG_WARN_DOCUMENTATION_COMMENTS = YES;
				CLANG_WARN_EMPTY_BODY = YES;
				CLANG_WARN_ENUM_CONVERSION = YES;
				CLANG_WARN_INFINITE_RECURSION = YES;
				CLANG_WARN_INT_CONVERSION = YES;
				CLANG_WARN_NON_LITERAL_NULL_CONVERSION = YES;
				CLANG_WARN_OBJC_IMPLICIT_RETAIN_SELF = YES;
				CLANG_WARN_OBJC_LITERAL_CONVERSION = YES;
				CLANG_WARN_OBJC_ROOT_CLASS = YES_ERROR;
				CLANG_WARN_QUOTED_INCLUDE_IN_FRAMEWORK_HEADER = YES;
				CLANG_WARN_RANGE_LOOP_ANALYSIS = YES;
				CLANG_WARN_STRICT_PROTOTYPES = YES;
				CLANG_WARN_SUSPICIOUS_MOVE = YES;
				CLANG_WARN_UNGUARDED_AVAILABILITY = YES_AGGRESSIVE;
				CLANG_WARN_UNREACHABLE_CODE = YES;
				CLANG_WARN__DUPLICATE_METHOD_MATCH = YES;
				COPY_PHASE_STRIP = NO;
				DEBUG_INFORMATION_FORMAT = dwarf;
				ENABLE_STRICT_OBJC_MSGSEND = YES;
				ENABLE_TESTABILITY = YES;
				ENABLE_USER_SCRIPT_SANDBOXING = YES;
				GCC_C_LANGUAGE_STANDARD = gnu17;
				GCC_DYNAMIC_NO_PIC = NO;
				GCC_NO_COMMON_BLOCKS = YES;
				GCC_OPTIMIZATION_LEVEL = 0;
				GCC_PREPROCESSOR_DEFINITIONS = (
					"DEBUG=1",
					"$(inherited)",
				);
				GCC_WARN_64_TO_32_BIT_CONVERSION = YES;
				GCC_WARN_ABOUT_RETURN_TYPE = YES_ERROR;
				GCC_WARN_UNDECLARED_SELECTOR = YES;
				GCC_WARN_UNINITIALIZED_AUTOS = YES_AGGRESSIVE;
				GCC_WARN_UNUSED_FUNCTION = YES;
				GCC_WARN_UNUSED_VARIABLE = YES;
				IPHONEOS_DEPLOYMENT_TARGET = 16.0;
				LOCALIZATION_PREFERS_STRING_CATALOGS = YES;
				MTL_ENABLE_DEBUG_INFO = INCLUDE_SOURCE;
				MTL_FAST_MATH = YES;
				ONLY_ACTIVE_ARCH = YES;
				SDKROOT = iphoneos;
				SWIFT_ACTIVE_COMPILATION_CONDITIONS = "DEBUG $(inherited)";
				SWIFT_OPTIMIZATION_LEVEL = "-Onone";
			};
			name = Debug;
		};
		522308162B861CAD007CE1A7 /* Release */ = {
			isa = XCBuildConfiguration;
			buildSettings = {
				ALWAYS_SEARCH_USER_PATHS = NO;
				ASSETCATALOG_COMPILER_GENERATE_SWIFT_ASSET_SYMBOL_EXTENSIONS = YES;
				CLANG_ANALYZER_NONNULL = YES;
				CLANG_ANALYZER_NUMBER_OBJECT_CONVERSION = YES_AGGRESSIVE;
				CLANG_CXX_LANGUAGE_STANDARD = "gnu++20";
				CLANG_ENABLE_MODULES = YES;
				CLANG_ENABLE_OBJC_ARC = YES;
				CLANG_ENABLE_OBJC_WEAK = YES;
				CLANG_WARN_BLOCK_CAPTURE_AUTORELEASING = YES;
				CLANG_WARN_BOOL_CONVERSION = YES;
				CLANG_WARN_COMMA = YES;
				CLANG_WARN_CONSTANT_CONVERSION = YES;
				CLANG_WARN_DEPRECATED_OBJC_IMPLEMENTATIONS = YES;
				CLANG_WARN_DIRECT_OBJC_ISA_USAGE = YES_ERROR;
				CLANG_WARN_DOCUMENTATION_COMMENTS = YES;
				CLANG_WARN_EMPTY_BODY = YES;
				CLANG_WARN_ENUM_CONVERSION = YES;
				CLANG_WARN_INFINITE_RECURSION = YES;
				CLANG_WARN_INT_CONVERSION = YES;
				CLANG_WARN_NON_LITERAL_NULL_CONVERSION = YES;
				CLANG_WARN_OBJC_IMPLICIT_RETAIN_SELF = YES;
				CLANG_WARN_OBJC_LITERAL_CONVERSION = YES;
				CLANG_WARN_OBJC_ROOT_CLASS = YES_ERROR;
				CLANG_WARN_QUOTED_INCLUDE_IN_FRAMEWORK_HEADER = YES;
				CLANG_WARN_RANGE_LOOP_ANALYSIS = YES;
				CLANG_WARN_STRICT_PROTOTYPES = YES;
				CLANG_WARN_SUSPICIOUS_MOVE = YES;
				CLANG_WARN_UNGUARDED_AVAILABILITY = YES_AGGRESSIVE;
				CLANG_WARN_UNREACHABLE_CODE = YES;
				CLANG_WARN__DUPLICATE_METHOD_MATCH = YES;
				COPY_PHASE_STRIP = NO;
				DEBUG_INFORMATION_FORMAT = "dwarf-with-dsym";
				ENABLE_NS_ASSERTIONS = NO;
				ENABLE_STRICT_OBJC_MSGSEND = YES;
				ENABLE_USER_SCRIPT_SANDBOXING = YES;
				GCC_C_LANGUAGE_STANDARD = gnu17;
				GCC_NO_COMMON_BLOCKS = YES;
				GCC_WARN_64_TO_32_BIT_CONVERSION = YES;
				GCC_WARN_ABOUT_RETURN_TYPE = YES_ERROR;
				GCC_WARN_UNDECLARED_SELECTOR = YES;
				GCC_WARN_UNINITIALIZED_AUTOS = YES_AGGRESSIVE;
				GCC_WARN_UNUSED_FUNCTION = YES;
				GCC_WARN_UNUSED_VARIABLE = YES;
				IPHONEOS_DEPLOYMENT_TARGET = 16.0;
				LOCALIZATION_PREFERS_STRING_CATALOGS = YES;
				MTL_ENABLE_DEBUG_INFO = NO;
				MTL_FAST_MATH = YES;
				SDKROOT = iphoneos;
				SWIFT_COMPILATION_MODE = wholemodule;
				VALIDATE_PRODUCT = YES;
			};
			name = Release;
		};
		522308182B861CAD007CE1A7 /* Debug */ = {
			isa = XCBuildConfiguration;
			buildSettings = {
				ASSETCATALOG_COMPILER_APPICON_NAME = AppIcon;
				ASSETCATALOG_COMPILER_GLOBAL_ACCENT_COLOR_NAME = AccentColor;
				CODE_SIGN_STYLE = Automatic;
				CURRENT_PROJECT_VERSION = 1;
				DEVELOPMENT_ASSET_PATHS = "\"ScoreCounter/Preview Content\"";
				DEVELOPMENT_TEAM = WGF76DKK38;
				ENABLE_PREVIEWS = YES;
				GENERATE_INFOPLIST_FILE = YES;
				"INFOPLIST_KEY_CFBundleDisplayName[sdk=*]" = "Score Counter";
				INFOPLIST_KEY_UIApplicationSceneManifest_Generation = YES;
				INFOPLIST_KEY_UIApplicationSupportsIndirectInputEvents = YES;
				INFOPLIST_KEY_UILaunchScreen_Generation = YES;
				INFOPLIST_KEY_UISupportedInterfaceOrientations_iPad = "UIInterfaceOrientationPortrait UIInterfaceOrientationPortraitUpsideDown UIInterfaceOrientationLandscapeLeft UIInterfaceOrientationLandscapeRight";
				INFOPLIST_KEY_UISupportedInterfaceOrientations_iPhone = "UIInterfaceOrientationPortrait UIInterfaceOrientationLandscapeLeft UIInterfaceOrientationLandscapeRight";
				IPHONEOS_DEPLOYMENT_TARGET = 16.0;
				LD_RUNPATH_SEARCH_PATHS = (
					"$(inherited)",
					"@executable_path/Frameworks",
				);
				MARKETING_VERSION = 1.0;
				PRODUCT_BUNDLE_IDENTIFIER = io.aminekun90.ScoreCounter;
				PRODUCT_NAME = "$(TARGET_NAME)";
				SWIFT_EMIT_LOC_STRINGS = YES;
				SWIFT_VERSION = 5.0;
				TARGETED_DEVICE_FAMILY = "1,2";
			};
			name = Debug;
		};
		522308192B861CAD007CE1A7 /* Release */ = {
			isa = XCBuildConfiguration;
			buildSettings = {
				ASSETCATALOG_COMPILER_APPICON_NAME = AppIcon;
				ASSETCATALOG_COMPILER_GLOBAL_ACCENT_COLOR_NAME = AccentColor;
				CODE_SIGN_STYLE = Automatic;
				CURRENT_PROJECT_VERSION = 1;
				DEVELOPMENT_ASSET_PATHS = "\"ScoreCounter/Preview Content\"";
				DEVELOPMENT_TEAM = WGF76DKK38;
				ENABLE_PREVIEWS = YES;
				GENERATE_INFOPLIST_FILE = YES;
				INFOPLIST_KEY_CFBundleDisplayName = "Score Counter";
				"INFOPLIST_KEY_CFBundleDisplayName[sdk=*]" = "Score Counter";
				INFOPLIST_KEY_UIApplicationSceneManifest_Generation = YES;
				INFOPLIST_KEY_UIApplicationSupportsIndirectInputEvents = YES;
				INFOPLIST_KEY_UILaunchScreen_Generation = YES;
				INFOPLIST_KEY_UISupportedInterfaceOrientations_iPad = "UIInterfaceOrientationPortrait UIInterfaceOrientationPortraitUpsideDown UIInterfaceOrientationLandscapeLeft UIInterfaceOrientationLandscapeRight";
				INFOPLIST_KEY_UISupportedInterfaceOrientations_iPhone = "UIInterfaceOrientationPortrait UIInterfaceOrientationLandscapeLeft UIInterfaceOrientationLandscapeRight";
				IPHONEOS_DEPLOYMENT_TARGET = 16.0;
				LD_RUNPATH_SEARCH_PATHS = (
					"$(inherited)",
					"@executable_path/Frameworks",
				);
				MARKETING_VERSION = 1.0;
				PRODUCT_BUNDLE_IDENTIFIER = io.aminekun90.ScoreCounter;
				PRODUCT_NAME = "$(TARGET_NAME)";
				SWIFT_EMIT_LOC_STRINGS = YES;
				SWIFT_VERSION = 5.0;
				TARGETED_DEVICE_FAMILY = "1,2";
			};
			name = Release;
		};
		5223081B2B861CAD007CE1A7 /* Debug */ = {
			isa = XCBuildConfiguration;
			buildSettings = {
				ALWAYS_EMBED_SWIFT_STANDARD_LIBRARIES = YES;
				BUNDLE_LOADER = "$(TEST_HOST)";
				CODE_SIGN_STYLE = Automatic;
				CURRENT_PROJECT_VERSION = 1;
				DEVELOPMENT_TEAM = WGF76DKK38;
				GENERATE_INFOPLIST_FILE = YES;
				IPHONEOS_DEPLOYMENT_TARGET = 17.2;
				MARKETING_VERSION = 1.0;
				PRODUCT_BUNDLE_IDENTIFIER = io.aminekun90.ScoreCounterTests;
				PRODUCT_NAME = "$(TARGET_NAME)";
				SWIFT_EMIT_LOC_STRINGS = NO;
				SWIFT_VERSION = 5.0;
				TARGETED_DEVICE_FAMILY = "1,2";
				TEST_HOST = "$(BUILT_PRODUCTS_DIR)/ScoreCounter.app/$(BUNDLE_EXECUTABLE_FOLDER_PATH)/ScoreCounter";
			};
			name = Debug;
		};
		5223081C2B861CAD007CE1A7 /* Release */ = {
			isa = XCBuildConfiguration;
			buildSettings = {
				ALWAYS_EMBED_SWIFT_STANDARD_LIBRARIES = YES;
				BUNDLE_LOADER = "$(TEST_HOST)";
				CODE_SIGN_STYLE = Automatic;
				CURRENT_PROJECT_VERSION = 1;
				DEVELOPMENT_TEAM = WGF76DKK38;
				GENERATE_INFOPLIST_FILE = YES;
				IPHONEOS_DEPLOYMENT_TARGET = 17.2;
				MARKETING_VERSION = 1.0;
				PRODUCT_BUNDLE_IDENTIFIER = io.aminekun90.ScoreCounterTests;
				PRODUCT_NAME = "$(TARGET_NAME)";
				SWIFT_EMIT_LOC_STRINGS = NO;
				SWIFT_VERSION = 5.0;
				TARGETED_DEVICE_FAMILY = "1,2";
				TEST_HOST = "$(BUILT_PRODUCTS_DIR)/ScoreCounter.app/$(BUNDLE_EXECUTABLE_FOLDER_PATH)/ScoreCounter";
			};
			name = Release;
		};
		5223081E2B861CAD007CE1A7 /* Debug */ = {
			isa = XCBuildConfiguration;
			buildSettings = {
				ALWAYS_EMBED_SWIFT_STANDARD_LIBRARIES = YES;
				CODE_SIGN_STYLE = Automatic;
				CURRENT_PROJECT_VERSION = 1;
				DEVELOPMENT_TEAM = WGF76DKK38;
				GENERATE_INFOPLIST_FILE = YES;
				MARKETING_VERSION = 1.0;
				PRODUCT_BUNDLE_IDENTIFIER = io.aminekun90.ScoreCounterUITests;
				PRODUCT_NAME = "$(TARGET_NAME)";
				SWIFT_EMIT_LOC_STRINGS = NO;
				SWIFT_VERSION = 5.0;
				TARGETED_DEVICE_FAMILY = "1,2";
				TEST_TARGET_NAME = ScoreCounter;
			};
			name = Debug;
		};
		5223081F2B861CAD007CE1A7 /* Release */ = {
			isa = XCBuildConfiguration;
			buildSettings = {
				ALWAYS_EMBED_SWIFT_STANDARD_LIBRARIES = YES;
				CODE_SIGN_STYLE = Automatic;
				CURRENT_PROJECT_VERSION = 1;
				DEVELOPMENT_TEAM = WGF76DKK38;
				GENERATE_INFOPLIST_FILE = YES;
				MARKETING_VERSION = 1.0;
				PRODUCT_BUNDLE_IDENTIFIER = io.aminekun90.ScoreCounterUITests;
				PRODUCT_NAME = "$(TARGET_NAME)";
				SWIFT_EMIT_LOC_STRINGS = NO;
				SWIFT_VERSION = 5.0;
				TARGETED_DEVICE_FAMILY = "1,2";
				TEST_TARGET_NAME = ScoreCounter;
			};
			name = Release;
		};
/* End XCBuildConfiguration section */

/* Begin XCConfigurationList section */
		522307EE2B861CAA007CE1A7 /* Build configuration list for PBXProject "ScoreCounter" */ = {
			isa = XCConfigurationList;
			buildConfigurations = (
				522308152B861CAD007CE1A7 /* Debug */,
				522308162B861CAD007CE1A7 /* Release */,
			);
			defaultConfigurationIsVisible = 0;
			defaultConfigurationName = Release;
		};
		522308172B861CAD007CE1A7 /* Build configuration list for PBXNativeTarget "ScoreCounter" */ = {
			isa = XCConfigurationList;
			buildConfigurations = (
				522308182B861CAD007CE1A7 /* Debug */,
				522308192B861CAD007CE1A7 /* Release */,
			);
			defaultConfigurationIsVisible = 0;
			defaultConfigurationName = Release;
		};
		5223081A2B861CAD007CE1A7 /* Build configuration list for PBXNativeTarget "ScoreCounterTests" */ = {
			isa = XCConfigurationList;
			buildConfigurations = (
				5223081B2B861CAD007CE1A7 /* Debug */,
				5223081C2B861CAD007CE1A7 /* Release */,
			);
			defaultConfigurationIsVisible = 0;
			defaultConfigurationName = Release;
		};
		5223081D2B861CAD007CE1A7 /* Build configuration list for PBXNativeTarget "ScoreCounterUITests" */ = {
			isa = XCConfigurationList;
			buildConfigurations = (
				5223081E2B861CAD007CE1A7 /* Debug */,
				5223081F2B861CAD007CE1A7 /* Release */,
			);
			defaultConfigurationIsVisible = 0;
			defaultConfigurationName = Release;
		};
/* End XCConfigurationList section */

/* Begin XCLocalSwiftPackageReference section */
		525C5BED2B86B32500287B61 /* XCLocalSwiftPackageReference "JDStatusBarNotification" */ = {
			isa = XCLocalSwiftPackageReference;
			relativePath = JDStatusBarNotification;
		};
/* End XCLocalSwiftPackageReference section */

/* Begin XCSwiftPackageProductDependency section */
		525C5BEE2B86B32600287B61 /* JDStatusBarNotification */ = {
			isa = XCSwiftPackageProductDependency;
			productName = JDStatusBarNotification;
		};
/* End XCSwiftPackageProductDependency section */
	};
	rootObject = 522307EB2B861CAA007CE1A7 /* Project object */;
}
