// !$*UTF8*$!
{
	archiveVersion = 1;
	classes = {
	};
	objectVersion = 60;
	objects = {

/* Begin PBXBuildFile section */
		520527DB2BD2F58600C36EC3 /* winningAnimation.gif in Resources */ = {isa = PBXBuildFile; fileRef = 520527DA2BD2F58600C36EC3 /* winningAnimation.gif */; };
		520527DD2BDC1A3300C36EC3 /* DiceActionBarView.swift in Sources */ = {isa = PBXBuildFile; fileRef = 520527DC2BDC1A3300C36EC3 /* DiceActionBarView.swift */; };
		520527DF2BDC2BD500C36EC3 /* EventBus.swift in Sources */ = {isa = PBXBuildFile; fileRef = 520527DE2BDC2BD500C36EC3 /* EventBus.swift */; };
		520527E22BDEA36B00C36EC3 /* DiceSettingsView.swift in Sources */ = {isa = PBXBuildFile; fileRef = 520527E12BDEA36B00C36EC3 /* DiceSettingsView.swift */; };
		521DE8FA2B9E67E70045C9F0 /* names-fr.json in Resources */ = {isa = PBXBuildFile; fileRef = 521DE8F92B9E67E70045C9F0 /* names-fr.json */; };
		521DE8FD2BA9CB070045C9F0 /* EditDeckView.swift in Sources */ = {isa = PBXBuildFile; fileRef = 521DE8FC2BA9CB070045C9F0 /* EditDeckView.swift */; };
		522307F72B861CAA007CE1A7 /* ScoreCounterApp.swift in Sources */ = {isa = PBXBuildFile; fileRef = 522307F62B861CAA007CE1A7 /* ScoreCounterApp.swift */; };
		522307F92B861CAA007CE1A7 /* ContentView.swift in Sources */ = {isa = PBXBuildFile; fileRef = 522307F82B861CAA007CE1A7 /* ContentView.swift */; };
		522307FB2B861CAC007CE1A7 /* Assets.xcassets in Resources */ = {isa = PBXBuildFile; fileRef = 522307FA2B861CAC007CE1A7 /* Assets.xcassets */; };
		522307FE2B861CAC007CE1A7 /* Preview Assets.xcassets in Resources */ = {isa = PBXBuildFile; fileRef = 522307FD2B861CAC007CE1A7 /* Preview Assets.xcassets */; };
		522308082B861CAD007CE1A7 /* ScoreCounterTests.swift in Sources */ = {isa = PBXBuildFile; fileRef = 522308072B861CAD007CE1A7 /* ScoreCounterTests.swift */; };
		522308122B861CAD007CE1A7 /* ScoreCounterUITests.swift in Sources */ = {isa = PBXBuildFile; fileRef = 522308112B861CAD007CE1A7 /* ScoreCounterUITests.swift */; };
		522308142B861CAD007CE1A7 /* ScoreCounterUITestsLaunchTests.swift in Sources */ = {isa = PBXBuildFile; fileRef = 522308132B861CAD007CE1A7 /* ScoreCounterUITestsLaunchTests.swift */; };
		524B87712B864FA500DECBF9 /* Player.swift in Sources */ = {isa = PBXBuildFile; fileRef = 524B87702B864FA500DECBF9 /* Player.swift */; };
		524B87732B864FF300DECBF9 /* PlayerEditView.swift in Sources */ = {isa = PBXBuildFile; fileRef = 524B87722B864FF300DECBF9 /* PlayerEditView.swift */; };
		524B87752B86579000DECBF9 /* PlayerRow.swift in Sources */ = {isa = PBXBuildFile; fileRef = 524B87742B86579000DECBF9 /* PlayerRow.swift */; };
		524B87772B866BC700DECBF9 /* DeckActionBarView.swift in Sources */ = {isa = PBXBuildFile; fileRef = 524B87762B866BC700DECBF9 /* DeckActionBarView.swift */; };
		524B87792B866C6900DECBF9 /* PlayerFunctions.swift in Sources */ = {isa = PBXBuildFile; fileRef = 524B87782B866C6900DECBF9 /* PlayerFunctions.swift */; };
		524B877B2B86731600DECBF9 /* LandingPageView.swift in Sources */ = {isa = PBXBuildFile; fileRef = 524B877A2B86731500DECBF9 /* LandingPageView.swift */; };
		525C5BEF2B86B32600287B61 /* JDStatusBarNotification in Frameworks */ = {isa = PBXBuildFile; productRef = 525C5BEE2B86B32600287B61 /* JDStatusBarNotification */; };
		525C5BF12B86B9F800287B61 /* FileLoader.swift in Sources */ = {isa = PBXBuildFile; fileRef = 525C5BF02B86B9F700287B61 /* FileLoader.swift */; };
		525C5BF32B86BA7E00287B61 /* names.json in Resources */ = {isa = PBXBuildFile; fileRef = 525C5BF22B86BA7E00287B61 /* names.json */; };
		525C5BF62B876FA800287B61 /* LICENSE in Resources */ = {isa = PBXBuildFile; fileRef = 525C5BF52B876FA800287B61 /* LICENSE */; };
		525C5BF82B876FFF00287B61 /* .gitignore in Resources */ = {isa = PBXBuildFile; fileRef = 525C5BF72B876FFF00287B61 /* .gitignore */; };
		525C5C022B88BFFE00287B61 /* Deck.swift in Sources */ = {isa = PBXBuildFile; fileRef = 525C5C012B88BFFE00287B61 /* Deck.swift */; };
		525C5C052B88C61D00287B61 /* SQLite in Frameworks */ = {isa = PBXBuildFile; productRef = 525C5C042B88C61D00287B61 /* SQLite */; };
		525C5C082B88CE7E00287B61 /* SqliteService.swift in Sources */ = {isa = PBXBuildFile; fileRef = 525C5C072B88CE7E00287B61 /* SqliteService.swift */; };
		525C5C0B2B88EDAA00287B61 /* db.sqlite in Resources */ = {isa = PBXBuildFile; fileRef = 525C5C0A2B88EDAA00287B61 /* db.sqlite */; };
		525C5C0F2B88F33500287B61 /* SQLiteMigrationManager in Frameworks */ = {isa = PBXBuildFile; productRef = 525C5C0E2B88F33500287B61 /* SQLiteMigrationManager */; };
		525C5C122B89333100287B61 /* AppSettings.swift in Sources */ = {isa = PBXBuildFile; fileRef = 525C5C112B89333100287B61 /* AppSettings.swift */; };
		525C5C142B89362400287B61 /* BottomTaskBarView.swift in Sources */ = {isa = PBXBuildFile; fileRef = 525C5C132B89362400287B61 /* BottomTaskBarView.swift */; };
		525C5C162B89424C00287B61 /* PlayersView.swift in Sources */ = {isa = PBXBuildFile; fileRef = 525C5C152B89424C00287B61 /* PlayersView.swift */; };
		525C5C182B89560C00287B61 /* SettingsView.swift in Sources */ = {isa = PBXBuildFile; fileRef = 525C5C172B89560C00287B61 /* SettingsView.swift */; };
		525C5C1A2B8956A400287B61 /* SeedDb.swift in Sources */ = {isa = PBXBuildFile; fileRef = 525C5C192B8956A400287B61 /* SeedDb.swift */; };
		525C5C1C2B89F35E00287B61 /* DiceRepresentationModel.swift in Sources */ = {isa = PBXBuildFile; fileRef = 525C5C1B2B89F35E00287B61 /* DiceRepresentationModel.swift */; };
		525C5C1E2B89F37B00287B61 /* DiceSide.swift in Sources */ = {isa = PBXBuildFile; fileRef = 525C5C1D2B89F37B00287B61 /* DiceSide.swift */; };
		525C5C212B89F41D00287B61 /* SceneCreator.swift in Sources */ = {isa = PBXBuildFile; fileRef = 525C5C202B89F41D00287B61 /* SceneCreator.swift */; };
		525C5C242B89F49300287B61 /* CGPoint+Distance.swift in Sources */ = {isa = PBXBuildFile; fileRef = 525C5C232B89F49300287B61 /* CGPoint+Distance.swift */; };
		525C5C262B89F4AB00287B61 /* SKScene+ClosestChild.swift in Sources */ = {isa = PBXBuildFile; fileRef = 525C5C252B89F4AB00287B61 /* SKScene+ClosestChild.swift */; };
		525C5C282B89F4D700287B61 /* SKTexture+Gradient.swift in Sources */ = {isa = PBXBuildFile; fileRef = 525C5C272B89F4D700287B61 /* SKTexture+Gradient.swift */; };
		525C5C2A2B89F4F400287B61 /* UIView.swift in Sources */ = {isa = PBXBuildFile; fileRef = 525C5C292B89F4F400287B61 /* UIView.swift */; };
		525C5C2D2B89F52B00287B61 /* ShakeDetectable.swift in Sources */ = {isa = PBXBuildFile; fileRef = 525C5C2C2B89F52B00287B61 /* ShakeDetectable.swift */; };
		525C5C312B89F5DA00287B61 /* DiceNode.swift in Sources */ = {isa = PBXBuildFile; fileRef = 525C5C302B89F5DA00287B61 /* DiceNode.swift */; };
		525C5C332B89F60C00287B61 /* GameScene.swift in Sources */ = {isa = PBXBuildFile; fileRef = 525C5C322B89F60C00287B61 /* GameScene.swift */; };
		525C5C352B89F63600287B61 /* GameViewController.swift in Sources */ = {isa = PBXBuildFile; fileRef = 525C5C342B89F63600287B61 /* GameViewController.swift */; };
		525C5C372B89FE8C00287B61 /* dice_roll.wav in Resources */ = {isa = PBXBuildFile; fileRef = 525C5C362B89FE8C00287B61 /* dice_roll.wav */; };
		525C5C3A2B8A23D400287B61 /* DataController+SettingsController.swift in Sources */ = {isa = PBXBuildFile; fileRef = 525C5C392B8A23D400287B61 /* DataController+SettingsController.swift */; };
		52641D5B2BD06CB100894869 /* GifImage.swift in Sources */ = {isa = PBXBuildFile; fileRef = 52641D5A2BD06CB100894869 /* GifImage.swift */; };
		5267E4BA2B8B5B2D00A71997 /* SideMenu.swift in Sources */ = {isa = PBXBuildFile; fileRef = 5267E4B92B8B5B2D00A71997 /* SideMenu.swift */; };
		5267E4BC2B8B631A00A71997 /* SideMenuView.swift in Sources */ = {isa = PBXBuildFile; fileRef = 5267E4BB2B8B631A00A71997 /* SideMenuView.swift */; };
		5267E4BE2B8B746F00A71997 /* DeckController.swift in Sources */ = {isa = PBXBuildFile; fileRef = 5267E4BD2B8B746F00A71997 /* DeckController.swift */; };
		5287D2382B9938A8009E4809 /* Oswald-SemiBold.ttf in Resources */ = {isa = PBXBuildFile; fileRef = 5287D2322B9938A8009E4809 /* Oswald-SemiBold.ttf */; };
		5287D2392B9938A8009E4809 /* Oswald-Bold.ttf in Resources */ = {isa = PBXBuildFile; fileRef = 5287D2332B9938A8009E4809 /* Oswald-Bold.ttf */; };
		5287D23A2B9938A8009E4809 /* Oswald-Regular.ttf in Resources */ = {isa = PBXBuildFile; fileRef = 5287D2342B9938A8009E4809 /* Oswald-Regular.ttf */; };
		5287D23B2B9938A8009E4809 /* Oswald-Medium.ttf in Resources */ = {isa = PBXBuildFile; fileRef = 5287D2352B9938A8009E4809 /* Oswald-Medium.ttf */; };
		5287D23C2B9938A8009E4809 /* Oswald-ExtraLight.ttf in Resources */ = {isa = PBXBuildFile; fileRef = 5287D2362B9938A8009E4809 /* Oswald-ExtraLight.ttf */; };
		5287D23D2B9938A8009E4809 /* Oswald-Light.ttf in Resources */ = {isa = PBXBuildFile; fileRef = 5287D2372B9938A8009E4809 /* Oswald-Light.ttf */; };
		5287D2422B993B9F009E4809 /* RobotoMono-Bold.ttf in Resources */ = {isa = PBXBuildFile; fileRef = 5287D23F2B993B9F009E4809 /* RobotoMono-Bold.ttf */; };
		5287D2432B993B9F009E4809 /* RobotoMono-Light.ttf in Resources */ = {isa = PBXBuildFile; fileRef = 5287D2402B993B9F009E4809 /* RobotoMono-Light.ttf */; };
		5287D2442B993B9F009E4809 /* RobotoMono-Medium.ttf in Resources */ = {isa = PBXBuildFile; fileRef = 5287D2412B993B9F009E4809 /* RobotoMono-Medium.ttf */; };
		5287D2482B9945AD009E4809 /* Micro5-Regular.ttf in Resources */ = {isa = PBXBuildFile; fileRef = 5287D2472B9945AD009E4809 /* Micro5-Regular.ttf */; };
		528D63A12B97211C00417E66 /* StoreView.swift in Sources */ = {isa = PBXBuildFile; fileRef = 528D63A02B97211C00417E66 /* StoreView.swift */; };
		528D63A42B9798F100417E66 /* ScoreIncrementsSection.swift in Sources */ = {isa = PBXBuildFile; fileRef = 528D63A32B9798F100417E66 /* ScoreIncrementsSection.swift */; };
		52B746F52B8BBBAB00F46FE0 /* DeckMigration+PlayerMigration.swift in Sources */ = {isa = PBXBuildFile; fileRef = 52B746F42B8BBBAB00F46FE0 /* DeckMigration+PlayerMigration.swift */; };
		52B747042B8BC68500F46FE0 /* img in Resources */ = {isa = PBXBuildFile; fileRef = 52B747032B8BC68500F46FE0 /* img */; };
		52F3D59F2B912FAF00BC359C /* DeckRowView.swift in Sources */ = {isa = PBXBuildFile; fileRef = 52F3D59E2B912FAF00BC359C /* DeckRowView.swift */; };
		52F3D5A52B94E53E00BC359C /* JDStatusBarNotification in Frameworks */ = {isa = PBXBuildFile; productRef = 52F3D5A42B94E53E00BC359C /* JDStatusBarNotification */; };
		52F3D5A72B95EA6D00BC359C /* EditWinningScoreView.swift in Sources */ = {isa = PBXBuildFile; fileRef = 52F3D5A62B95EA6D00BC359C /* EditWinningScoreView.swift */; };
		52F3D5A92B96090100BC359C /* CustomStepper.swift in Sources */ = {isa = PBXBuildFile; fileRef = 52F3D5A82B96090100BC359C /* CustomStepper.swift */; };
/* End PBXBuildFile section */

/* Begin PBXContainerItemProxy section */
		522308042B861CAD007CE1A7 /* PBXContainerItemProxy */ = {
			isa = PBXContainerItemProxy;
			containerPortal = 522307EB2B861CAA007CE1A7 /* Project object */;
			proxyType = 1;
			remoteGlobalIDString = 522307F22B861CAA007CE1A7;
			remoteInfo = ScoreCounter;
		};
		5223080E2B861CAD007CE1A7 /* PBXContainerItemProxy */ = {
			isa = PBXContainerItemProxy;
			containerPortal = 522307EB2B861CAA007CE1A7 /* Project object */;
			proxyType = 1;
			remoteGlobalIDString = 522307F22B861CAA007CE1A7;
			remoteInfo = ScoreCounter;
		};
/* End PBXContainerItemProxy section */

/* Begin PBXFileReference section */
		520527DA2BD2F58600C36EC3 /* winningAnimation.gif */ = {isa = PBXFileReference; lastKnownFileType = image.gif; path = winningAnimation.gif; sourceTree = SOURCE_ROOT; };
		520527DC2BDC1A3300C36EC3 /* DiceActionBarView.swift */ = {isa = PBXFileReference; lastKnownFileType = sourcecode.swift; path = DiceActionBarView.swift; sourceTree = "<group>"; };
		520527DE2BDC2BD500C36EC3 /* EventBus.swift */ = {isa = PBXFileReference; lastKnownFileType = sourcecode.swift; path = EventBus.swift; sourceTree = "<group>"; };
		520527E12BDEA36B00C36EC3 /* DiceSettingsView.swift */ = {isa = PBXFileReference; lastKnownFileType = sourcecode.swift; path = DiceSettingsView.swift; sourceTree = "<group>"; };
		521DE8F92B9E67E70045C9F0 /* names-fr.json */ = {isa = PBXFileReference; lastKnownFileType = text.json; path = "names-fr.json"; sourceTree = "<group>"; };
		521DE8FC2BA9CB070045C9F0 /* EditDeckView.swift */ = {isa = PBXFileReference; lastKnownFileType = sourcecode.swift; path = EditDeckView.swift; sourceTree = "<group>"; };
		522307F32B861CAA007CE1A7 /* ScoreCounter.app */ = {isa = PBXFileReference; explicitFileType = wrapper.application; includeInIndex = 0; path = ScoreCounter.app; sourceTree = BUILT_PRODUCTS_DIR; };
		522307F62B861CAA007CE1A7 /* ScoreCounterApp.swift */ = {isa = PBXFileReference; lastKnownFileType = sourcecode.swift; path = ScoreCounterApp.swift; sourceTree = "<group>"; };
		522307F82B861CAA007CE1A7 /* ContentView.swift */ = {isa = PBXFileReference; lastKnownFileType = sourcecode.swift; path = ContentView.swift; sourceTree = "<group>"; };
		522307FA2B861CAC007CE1A7 /* Assets.xcassets */ = {isa = PBXFileReference; lastKnownFileType = folder.assetcatalog; path = Assets.xcassets; sourceTree = "<group>"; };
		522307FD2B861CAC007CE1A7 /* Preview Assets.xcassets */ = {isa = PBXFileReference; lastKnownFileType = folder.assetcatalog; path = "Preview Assets.xcassets"; sourceTree = "<group>"; };
		522308032B861CAD007CE1A7 /* ScoreCounterTests.xctest */ = {isa = PBXFileReference; explicitFileType = wrapper.cfbundle; includeInIndex = 0; path = ScoreCounterTests.xctest; sourceTree = BUILT_PRODUCTS_DIR; };
		522308072B861CAD007CE1A7 /* ScoreCounterTests.swift */ = {isa = PBXFileReference; lastKnownFileType = sourcecode.swift; path = ScoreCounterTests.swift; sourceTree = "<group>"; };
		5223080D2B861CAD007CE1A7 /* ScoreCounterUITests.xctest */ = {isa = PBXFileReference; explicitFileType = wrapper.cfbundle; includeInIndex = 0; path = ScoreCounterUITests.xctest; sourceTree = BUILT_PRODUCTS_DIR; };
		522308112B861CAD007CE1A7 /* ScoreCounterUITests.swift */ = {isa = PBXFileReference; lastKnownFileType = sourcecode.swift; path = ScoreCounterUITests.swift; sourceTree = "<group>"; };
		522308132B861CAD007CE1A7 /* ScoreCounterUITestsLaunchTests.swift */ = {isa = PBXFileReference; lastKnownFileType = sourcecode.swift; path = ScoreCounterUITestsLaunchTests.swift; sourceTree = "<group>"; };
		524B87702B864FA500DECBF9 /* Player.swift */ = {isa = PBXFileReference; lastKnownFileType = sourcecode.swift; path = Player.swift; sourceTree = "<group>"; };
		524B87722B864FF300DECBF9 /* PlayerEditView.swift */ = {isa = PBXFileReference; lastKnownFileType = sourcecode.swift; path = PlayerEditView.swift; sourceTree = "<group>"; };
		524B87742B86579000DECBF9 /* PlayerRow.swift */ = {isa = PBXFileReference; lastKnownFileType = sourcecode.swift; path = PlayerRow.swift; sourceTree = "<group>"; };
		524B87762B866BC700DECBF9 /* DeckActionBarView.swift */ = {isa = PBXFileReference; lastKnownFileType = sourcecode.swift; path = DeckActionBarView.swift; sourceTree = "<group>"; };
		524B87782B866C6900DECBF9 /* PlayerFunctions.swift */ = {isa = PBXFileReference; lastKnownFileType = sourcecode.swift; path = PlayerFunctions.swift; sourceTree = "<group>"; };
		524B877A2B86731500DECBF9 /* LandingPageView.swift */ = {isa = PBXFileReference; lastKnownFileType = sourcecode.swift; path = LandingPageView.swift; sourceTree = "<group>"; };
		525C5BF02B86B9F700287B61 /* FileLoader.swift */ = {isa = PBXFileReference; lastKnownFileType = sourcecode.swift; path = FileLoader.swift; sourceTree = "<group>"; };
		525C5BF22B86BA7E00287B61 /* names.json */ = {isa = PBXFileReference; lastKnownFileType = text.json; path = names.json; sourceTree = "<group>"; };
		525C5BF42B86C92B00287B61 /* README.md */ = {isa = PBXFileReference; lastKnownFileType = net.daringfireball.markdown; path = README.md; sourceTree = "<group>"; };
		525C5BF52B876FA800287B61 /* LICENSE */ = {isa = PBXFileReference; fileEncoding = 4; lastKnownFileType = text; path = LICENSE; sourceTree = "<group>"; };
		525C5BF72B876FFF00287B61 /* .gitignore */ = {isa = PBXFileReference; fileEncoding = 4; lastKnownFileType = text; path = .gitignore; sourceTree = "<group>"; };
		525C5C012B88BFFE00287B61 /* Deck.swift */ = {isa = PBXFileReference; lastKnownFileType = sourcecode.swift; path = Deck.swift; sourceTree = "<group>"; };
		525C5C072B88CE7E00287B61 /* SqliteService.swift */ = {isa = PBXFileReference; lastKnownFileType = sourcecode.swift; path = SqliteService.swift; sourceTree = "<group>"; };
		525C5C0A2B88EDAA00287B61 /* db.sqlite */ = {isa = PBXFileReference; lastKnownFileType = text; path = db.sqlite; sourceTree = "<group>"; };
		525C5C112B89333100287B61 /* AppSettings.swift */ = {isa = PBXFileReference; lastKnownFileType = sourcecode.swift; path = AppSettings.swift; sourceTree = "<group>"; };
		525C5C132B89362400287B61 /* BottomTaskBarView.swift */ = {isa = PBXFileReference; lastKnownFileType = sourcecode.swift; path = BottomTaskBarView.swift; sourceTree = "<group>"; };
		525C5C152B89424C00287B61 /* PlayersView.swift */ = {isa = PBXFileReference; lastKnownFileType = sourcecode.swift; path = PlayersView.swift; sourceTree = "<group>"; };
		525C5C172B89560C00287B61 /* SettingsView.swift */ = {isa = PBXFileReference; lastKnownFileType = sourcecode.swift; path = SettingsView.swift; sourceTree = "<group>"; };
		525C5C192B8956A400287B61 /* SeedDb.swift */ = {isa = PBXFileReference; lastKnownFileType = sourcecode.swift; path = SeedDb.swift; sourceTree = "<group>"; };
		525C5C1B2B89F35E00287B61 /* DiceRepresentationModel.swift */ = {isa = PBXFileReference; lastKnownFileType = sourcecode.swift; path = DiceRepresentationModel.swift; sourceTree = "<group>"; };
		525C5C1D2B89F37B00287B61 /* DiceSide.swift */ = {isa = PBXFileReference; lastKnownFileType = sourcecode.swift; path = DiceSide.swift; sourceTree = "<group>"; };
		525C5C202B89F41D00287B61 /* SceneCreator.swift */ = {isa = PBXFileReference; lastKnownFileType = sourcecode.swift; path = SceneCreator.swift; sourceTree = "<group>"; };
		525C5C232B89F49300287B61 /* CGPoint+Distance.swift */ = {isa = PBXFileReference; lastKnownFileType = sourcecode.swift; path = "CGPoint+Distance.swift"; sourceTree = "<group>"; };
		525C5C252B89F4AB00287B61 /* SKScene+ClosestChild.swift */ = {isa = PBXFileReference; lastKnownFileType = sourcecode.swift; path = "SKScene+ClosestChild.swift"; sourceTree = "<group>"; };
		525C5C272B89F4D700287B61 /* SKTexture+Gradient.swift */ = {isa = PBXFileReference; lastKnownFileType = sourcecode.swift; path = "SKTexture+Gradient.swift"; sourceTree = "<group>"; };
		525C5C292B89F4F400287B61 /* UIView.swift */ = {isa = PBXFileReference; lastKnownFileType = sourcecode.swift; path = UIView.swift; sourceTree = "<group>"; };
		525C5C2C2B89F52B00287B61 /* ShakeDetectable.swift */ = {isa = PBXFileReference; lastKnownFileType = sourcecode.swift; path = ShakeDetectable.swift; sourceTree = "<group>"; };
		525C5C302B89F5DA00287B61 /* DiceNode.swift */ = {isa = PBXFileReference; lastKnownFileType = sourcecode.swift; path = DiceNode.swift; sourceTree = "<group>"; };
		525C5C322B89F60C00287B61 /* GameScene.swift */ = {isa = PBXFileReference; lastKnownFileType = sourcecode.swift; path = GameScene.swift; sourceTree = "<group>"; };
		525C5C342B89F63600287B61 /* GameViewController.swift */ = {isa = PBXFileReference; lastKnownFileType = sourcecode.swift; path = GameViewController.swift; sourceTree = "<group>"; };
		525C5C362B89FE8C00287B61 /* dice_roll.wav */ = {isa = PBXFileReference; lastKnownFileType = audio.wav; path = dice_roll.wav; sourceTree = "<group>"; };
		525C5C392B8A23D400287B61 /* DataController+SettingsController.swift */ = {isa = PBXFileReference; lastKnownFileType = sourcecode.swift; path = "DataController+SettingsController.swift"; sourceTree = "<group>"; };
		52641D5A2BD06CB100894869 /* GifImage.swift */ = {isa = PBXFileReference; lastKnownFileType = sourcecode.swift; path = GifImage.swift; sourceTree = "<group>"; };
		5267E4B92B8B5B2D00A71997 /* SideMenu.swift */ = {isa = PBXFileReference; lastKnownFileType = sourcecode.swift; path = SideMenu.swift; sourceTree = "<group>"; };
		5267E4BB2B8B631A00A71997 /* SideMenuView.swift */ = {isa = PBXFileReference; lastKnownFileType = sourcecode.swift; path = SideMenuView.swift; sourceTree = "<group>"; };
		5267E4BD2B8B746F00A71997 /* DeckController.swift */ = {isa = PBXFileReference; lastKnownFileType = sourcecode.swift; path = DeckController.swift; sourceTree = "<group>"; };
		5287D2312B993829009E4809 /* Info.plist */ = {isa = PBXFileReference; lastKnownFileType = text.plist; path = Info.plist; sourceTree = "<group>"; };
		5287D2322B9938A8009E4809 /* Oswald-SemiBold.ttf */ = {isa = PBXFileReference; lastKnownFileType = file; path = "Oswald-SemiBold.ttf"; sourceTree = "<group>"; };
		5287D2332B9938A8009E4809 /* Oswald-Bold.ttf */ = {isa = PBXFileReference; lastKnownFileType = file; path = "Oswald-Bold.ttf"; sourceTree = "<group>"; };
		5287D2342B9938A8009E4809 /* Oswald-Regular.ttf */ = {isa = PBXFileReference; lastKnownFileType = file; path = "Oswald-Regular.ttf"; sourceTree = "<group>"; };
		5287D2352B9938A8009E4809 /* Oswald-Medium.ttf */ = {isa = PBXFileReference; lastKnownFileType = file; path = "Oswald-Medium.ttf"; sourceTree = "<group>"; };
		5287D2362B9938A8009E4809 /* Oswald-ExtraLight.ttf */ = {isa = PBXFileReference; lastKnownFileType = file; path = "Oswald-ExtraLight.ttf"; sourceTree = "<group>"; };
		5287D2372B9938A8009E4809 /* Oswald-Light.ttf */ = {isa = PBXFileReference; lastKnownFileType = file; path = "Oswald-Light.ttf"; sourceTree = "<group>"; };
		5287D23F2B993B9F009E4809 /* RobotoMono-Bold.ttf */ = {isa = PBXFileReference; lastKnownFileType = file; path = "RobotoMono-Bold.ttf"; sourceTree = "<group>"; };
		5287D2402B993B9F009E4809 /* RobotoMono-Light.ttf */ = {isa = PBXFileReference; lastKnownFileType = file; path = "RobotoMono-Light.ttf"; sourceTree = "<group>"; };
		5287D2412B993B9F009E4809 /* RobotoMono-Medium.ttf */ = {isa = PBXFileReference; lastKnownFileType = file; path = "RobotoMono-Medium.ttf"; sourceTree = "<group>"; };
		5287D2472B9945AD009E4809 /* Micro5-Regular.ttf */ = {isa = PBXFileReference; lastKnownFileType = file; path = "Micro5-Regular.ttf"; sourceTree = "<group>"; };
		528D63A02B97211C00417E66 /* StoreView.swift */ = {isa = PBXFileReference; lastKnownFileType = sourcecode.swift; path = StoreView.swift; sourceTree = "<group>"; };
		528D63A32B9798F100417E66 /* ScoreIncrementsSection.swift */ = {isa = PBXFileReference; lastKnownFileType = sourcecode.swift; path = ScoreIncrementsSection.swift; sourceTree = "<group>"; };
		52B746F42B8BBBAB00F46FE0 /* DeckMigration+PlayerMigration.swift */ = {isa = PBXFileReference; lastKnownFileType = sourcecode.swift; path = "DeckMigration+PlayerMigration.swift"; sourceTree = "<group>"; };
		52B747032B8BC68500F46FE0 /* img */ = {isa = PBXFileReference; lastKnownFileType = folder; path = img; sourceTree = "<group>"; };
		52F3D59E2B912FAF00BC359C /* DeckRowView.swift */ = {isa = PBXFileReference; lastKnownFileType = sourcecode.swift; path = DeckRowView.swift; sourceTree = "<group>"; };
		52F3D5A62B95EA6D00BC359C /* EditWinningScoreView.swift */ = {isa = PBXFileReference; lastKnownFileType = sourcecode.swift; path = EditWinningScoreView.swift; sourceTree = "<group>"; };
		52F3D5A82B96090100BC359C /* CustomStepper.swift */ = {isa = PBXFileReference; lastKnownFileType = sourcecode.swift; path = CustomStepper.swift; sourceTree = "<group>"; };
/* End PBXFileReference section */

/* Begin PBXFrameworksBuildPhase section */
		522307F02B861CAA007CE1A7 /* Frameworks */ = {
			isa = PBXFrameworksBuildPhase;
			buildActionMask = 2147483647;
			files = (
				525C5C0F2B88F33500287B61 /* SQLiteMigrationManager in Frameworks */,
				52F3D5A52B94E53E00BC359C /* JDStatusBarNotification in Frameworks */,
				525C5C052B88C61D00287B61 /* SQLite in Frameworks */,
				525C5BEF2B86B32600287B61 /* JDStatusBarNotification in Frameworks */,
			);
			runOnlyForDeploymentPostprocessing = 0;
		};
		522308002B861CAD007CE1A7 /* Frameworks */ = {
			isa = PBXFrameworksBuildPhase;
			buildActionMask = 2147483647;
			files = (
			);
			runOnlyForDeploymentPostprocessing = 0;
		};
		5223080A2B861CAD007CE1A7 /* Frameworks */ = {
			isa = PBXFrameworksBuildPhase;
			buildActionMask = 2147483647;
			files = (
			);
			runOnlyForDeploymentPostprocessing = 0;
		};
/* End PBXFrameworksBuildPhase section */

/* Begin PBXGroup section */
		520527E02BDEA30400C36EC3 /* DiceView */ = {
			isa = PBXGroup;
			children = (
				520527DC2BDC1A3300C36EC3 /* DiceActionBarView.swift */,
				520527E12BDEA36B00C36EC3 /* DiceSettingsView.swift */,
			);
			path = DiceView;
			sourceTree = "<group>";
		};
		521DE8FB2BA9CAEB0045C9F0 /* DeckView */ = {
			isa = PBXGroup;
			children = (
				524B87762B866BC700DECBF9 /* DeckActionBarView.swift */,
				521DE8FC2BA9CB070045C9F0 /* EditDeckView.swift */,
				52F3D59E2B912FAF00BC359C /* DeckRowView.swift */,
			);
			path = DeckView;
			sourceTree = "<group>";
		};
		522307EA2B861CAA007CE1A7 = {
			isa = PBXGroup;
			children = (
				5287D23E2B9938B2009E4809 /* fonts */,
				525C5BF72B876FFF00287B61 /* .gitignore */,
				525C5BF52B876FA800287B61 /* LICENSE */,
				525C5BF42B86C92B00287B61 /* README.md */,
				522307F52B861CAA007CE1A7 /* ScoreCounter */,
				522308062B861CAD007CE1A7 /* ScoreCounterTests */,
				522308102B861CAD007CE1A7 /* ScoreCounterUITests */,
				522307F42B861CAA007CE1A7 /* Products */,
			);
			sourceTree = "<group>";
		};
		522307F42B861CAA007CE1A7 /* Products */ = {
			isa = PBXGroup;
			children = (
				522307F32B861CAA007CE1A7 /* ScoreCounter.app */,
				522308032B861CAD007CE1A7 /* ScoreCounterTests.xctest */,
				5223080D2B861CAD007CE1A7 /* ScoreCounterUITests.xctest */,
			);
			name = Products;
			sourceTree = "<group>";
		};
		522307F52B861CAA007CE1A7 /* ScoreCounter */ = {
			isa = PBXGroup;
			children = (
				520527DA2BD2F58600C36EC3 /* winningAnimation.gif */,
				5287D2312B993829009E4809 /* Info.plist */,
				525C5C382B89FE9400287B61 /* Resources */,
				525C5C2E2B89F57F00287B61 /* Dice */,
				525C5C0C2B88EE0A00287B61 /* Services */,
				525C5C092B88ED8500287B61 /* data-sqlite */,
				525C5C002B88BE0900287B61 /* Controllers */,
				525C5BFF2B88BDD800287B61 /* Views */,
				525C5BFE2B88BB7F00287B61 /* models */,
				525C5BFD2B87887B00287B61 /* data-json */,
				522307F62B861CAA007CE1A7 /* ScoreCounterApp.swift */,
				522307F82B861CAA007CE1A7 /* ContentView.swift */,
				522307FA2B861CAC007CE1A7 /* Assets.xcassets */,
				522307FC2B861CAC007CE1A7 /* Preview Content */,
			);
			path = ScoreCounter;
			sourceTree = "<group>";
		};
		522307FC2B861CAC007CE1A7 /* Preview Content */ = {
			isa = PBXGroup;
			children = (
				522307FD2B861CAC007CE1A7 /* Preview Assets.xcassets */,
			);
			path = "Preview Content";
			sourceTree = "<group>";
		};
		522308062B861CAD007CE1A7 /* ScoreCounterTests */ = {
			isa = PBXGroup;
			children = (
				522308072B861CAD007CE1A7 /* ScoreCounterTests.swift */,
			);
			path = ScoreCounterTests;
			sourceTree = "<group>";
		};
		522308102B861CAD007CE1A7 /* ScoreCounterUITests */ = {
			isa = PBXGroup;
			children = (
				522308112B861CAD007CE1A7 /* ScoreCounterUITests.swift */,
				522308132B861CAD007CE1A7 /* ScoreCounterUITestsLaunchTests.swift */,
			);
			path = ScoreCounterUITests;
			sourceTree = "<group>";
		};
		5252D96D2B97DE2400F049AE /* PlayerView */ = {
			isa = PBXGroup;
			children = (
				52F3D5A62B95EA6D00BC359C /* EditWinningScoreView.swift */,
				525C5C152B89424C00287B61 /* PlayersView.swift */,
				524B87722B864FF300DECBF9 /* PlayerEditView.swift */,
				524B87742B86579000DECBF9 /* PlayerRow.swift */,
				52641D5A2BD06CB100894869 /* GifImage.swift */,
			);
			path = PlayerView;
			sourceTree = "<group>";
		};
		5252D96E2B98FC5600F049AE /* SideMenuView */ = {
			isa = PBXGroup;
			children = (
				5267E4B92B8B5B2D00A71997 /* SideMenu.swift */,
				5267E4BB2B8B631A00A71997 /* SideMenuView.swift */,
			);
			path = SideMenuView;
			sourceTree = "<group>";
		};
		525C5BFD2B87887B00287B61 /* data-json */ = {
			isa = PBXGroup;
			children = (
				525C5BF22B86BA7E00287B61 /* names.json */,
				521DE8F92B9E67E70045C9F0 /* names-fr.json */,
			);
			path = "data-json";
			sourceTree = "<group>";
		};
		525C5BFE2B88BB7F00287B61 /* models */ = {
			isa = PBXGroup;
			children = (
				524B87702B864FA500DECBF9 /* Player.swift */,
				525C5C012B88BFFE00287B61 /* Deck.swift */,
				525C5C112B89333100287B61 /* AppSettings.swift */,
			);
			path = models;
			sourceTree = "<group>";
		};
		525C5BFF2B88BDD800287B61 /* Views */ = {
			isa = PBXGroup;
			children = (
				520527E02BDEA30400C36EC3 /* DiceView */,
				521DE8FB2BA9CAEB0045C9F0 /* DeckView */,
				5252D96E2B98FC5600F049AE /* SideMenuView */,
				5252D96D2B97DE2400F049AE /* PlayerView */,
				528D63A22B9798B600417E66 /* SettingsView */,
				525C5C132B89362400287B61 /* BottomTaskBarView.swift */,
				524B877A2B86731500DECBF9 /* LandingPageView.swift */,
				52F3D5A82B96090100BC359C /* CustomStepper.swift */,
			);
			path = Views;
			sourceTree = "<group>";
		};
		525C5C002B88BE0900287B61 /* Controllers */ = {
			isa = PBXGroup;
			children = (
				525C5BF02B86B9F700287B61 /* FileLoader.swift */,
				524B87782B866C6900DECBF9 /* PlayerFunctions.swift */,
				525C5C392B8A23D400287B61 /* DataController+SettingsController.swift */,
				5267E4BD2B8B746F00A71997 /* DeckController.swift */,
				520527DE2BDC2BD500C36EC3 /* EventBus.swift */,
			);
			path = Controllers;
			sourceTree = "<group>";
		};
		525C5C062B88CE5700287B61 /* sqlite */ = {
			isa = PBXGroup;
			children = (
				525C5C102B88F59B00287B61 /* migrations */,
				525C5C072B88CE7E00287B61 /* SqliteService.swift */,
			);
			path = sqlite;
			sourceTree = "<group>";
		};
		525C5C092B88ED8500287B61 /* data-sqlite */ = {
			isa = PBXGroup;
			children = (
				525C5C0A2B88EDAA00287B61 /* db.sqlite */,
			);
			path = "data-sqlite";
			sourceTree = "<group>";
		};
		525C5C0C2B88EE0A00287B61 /* Services */ = {
			isa = PBXGroup;
			children = (
				525C5C062B88CE5700287B61 /* sqlite */,
			);
			path = Services;
			sourceTree = "<group>";
		};
		525C5C102B88F59B00287B61 /* migrations */ = {
			isa = PBXGroup;
			children = (
				525C5C192B8956A400287B61 /* SeedDb.swift */,
				52B746F42B8BBBAB00F46FE0 /* DeckMigration+PlayerMigration.swift */,
			);
			path = migrations;
			sourceTree = "<group>";
		};
		525C5C1F2B89F40600287B61 /* SharedKIt */ = {
			isa = PBXGroup;
			children = (
				525C5C202B89F41D00287B61 /* SceneCreator.swift */,
			);
			path = SharedKIt;
			sourceTree = "<group>";
		};
		525C5C222B89F47600287B61 /* Extensions */ = {
			isa = PBXGroup;
			children = (
				525C5C232B89F49300287B61 /* CGPoint+Distance.swift */,
				525C5C252B89F4AB00287B61 /* SKScene+ClosestChild.swift */,
				525C5C272B89F4D700287B61 /* SKTexture+Gradient.swift */,
				525C5C292B89F4F400287B61 /* UIView.swift */,
			);
			path = Extensions;
			sourceTree = "<group>";
		};
		525C5C2B2B89F51100287B61 /* Protocols */ = {
			isa = PBXGroup;
			children = (
				525C5C2C2B89F52B00287B61 /* ShakeDetectable.swift */,
			);
			path = Protocols;
			sourceTree = "<group>";
		};
		525C5C2E2B89F57F00287B61 /* Dice */ = {
			isa = PBXGroup;
			children = (
				525C5C1F2B89F40600287B61 /* SharedKIt */,
				525C5C2F2B89F5A800287B61 /* Model */,
				525C5C222B89F47600287B61 /* Extensions */,
				525C5C2B2B89F51100287B61 /* Protocols */,
				525C5C302B89F5DA00287B61 /* DiceNode.swift */,
				525C5C322B89F60C00287B61 /* GameScene.swift */,
				525C5C342B89F63600287B61 /* GameViewController.swift */,
			);
			path = Dice;
			sourceTree = "<group>";
		};
		525C5C2F2B89F5A800287B61 /* Model */ = {
			isa = PBXGroup;
			children = (
				525C5C1B2B89F35E00287B61 /* DiceRepresentationModel.swift */,
				525C5C1D2B89F37B00287B61 /* DiceSide.swift */,
			);
			path = Model;
			sourceTree = "<group>";
		};
		525C5C382B89FE9400287B61 /* Resources */ = {
			isa = PBXGroup;
			children = (
				52B747032B8BC68500F46FE0 /* img */,
				525C5C362B89FE8C00287B61 /* dice_roll.wav */,
			);
			path = Resources;
			sourceTree = "<group>";
		};
		5287D23E2B9938B2009E4809 /* fonts */ = {
			isa = PBXGroup;
			children = (
				5287D2492B9945B2009E4809 /* Micro */,
				5287D2462B993BCA009E4809 /* Roboto */,
				5287D2452B993BB4009E4809 /* Oswald */,
			);
			path = fonts;
			sourceTree = "<group>";
		};
		5287D2452B993BB4009E4809 /* Oswald */ = {
			isa = PBXGroup;
			children = (
				5287D2332B9938A8009E4809 /* Oswald-Bold.ttf */,
				5287D2362B9938A8009E4809 /* Oswald-ExtraLight.ttf */,
				5287D2352B9938A8009E4809 /* Oswald-Medium.ttf */,
				5287D2342B9938A8009E4809 /* Oswald-Regular.ttf */,
				5287D2322B9938A8009E4809 /* Oswald-SemiBold.ttf */,
				5287D2372B9938A8009E4809 /* Oswald-Light.ttf */,
			);
			path = Oswald;
			sourceTree = "<group>";
		};
		5287D2462B993BCA009E4809 /* Roboto */ = {
			isa = PBXGroup;
			children = (
				5287D23F2B993B9F009E4809 /* RobotoMono-Bold.ttf */,
				5287D2402B993B9F009E4809 /* RobotoMono-Light.ttf */,
				5287D2412B993B9F009E4809 /* RobotoMono-Medium.ttf */,
			);
			path = Roboto;
			sourceTree = "<group>";
		};
		5287D2492B9945B2009E4809 /* Micro */ = {
			isa = PBXGroup;
			children = (
				5287D2472B9945AD009E4809 /* Micro5-Regular.ttf */,
			);
			path = Micro;
			sourceTree = "<group>";
		};
		528D63A22B9798B600417E66 /* SettingsView */ = {
			isa = PBXGroup;
			children = (
				525C5C172B89560C00287B61 /* SettingsView.swift */,
				528D63A02B97211C00417E66 /* StoreView.swift */,
				528D63A32B9798F100417E66 /* ScoreIncrementsSection.swift */,
			);
			path = SettingsView;
			sourceTree = "<group>";
		};
/* End PBXGroup section */

/* Begin PBXNativeTarget section */
		522307F22B861CAA007CE1A7 /* ScoreCounter */ = {
			isa = PBXNativeTarget;
			buildConfigurationList = 522308172B861CAD007CE1A7 /* Build configuration list for PBXNativeTarget "ScoreCounter" */;
			buildPhases = (
				522307EF2B861CAA007CE1A7 /* Sources */,
				522307F02B861CAA007CE1A7 /* Frameworks */,
				522307F12B861CAA007CE1A7 /* Resources */,
			);
			buildRules = (
			);
			dependencies = (
			);
			name = ScoreCounter;
			packageProductDependencies = (
				525C5BEE2B86B32600287B61 /* JDStatusBarNotification */,
				525C5C042B88C61D00287B61 /* SQLite */,
				525C5C0E2B88F33500287B61 /* SQLiteMigrationManager */,
				52F3D5A42B94E53E00BC359C /* JDStatusBarNotification */,
			);
			productName = ScoreCounter;
			productReference = 522307F32B861CAA007CE1A7 /* ScoreCounter.app */;
			productType = "com.apple.product-type.application";
		};
		522308022B861CAD007CE1A7 /* ScoreCounterTests */ = {
			isa = PBXNativeTarget;
			buildConfigurationList = 5223081A2B861CAD007CE1A7 /* Build configuration list for PBXNativeTarget "ScoreCounterTests" */;
			buildPhases = (
				522307FF2B861CAD007CE1A7 /* Sources */,
				522308002B861CAD007CE1A7 /* Frameworks */,
				522308012B861CAD007CE1A7 /* Resources */,
			);
			buildRules = (
			);
			dependencies = (
				522308052B861CAD007CE1A7 /* PBXTargetDependency */,
			);
			name = ScoreCounterTests;
			productName = ScoreCounterTests;
			productReference = 522308032B861CAD007CE1A7 /* ScoreCounterTests.xctest */;
			productType = "com.apple.product-type.bundle.unit-test";
		};
		5223080C2B861CAD007CE1A7 /* ScoreCounterUITests */ = {
			isa = PBXNativeTarget;
			buildConfigurationList = 5223081D2B861CAD007CE1A7 /* Build configuration list for PBXNativeTarget "ScoreCounterUITests" */;
			buildPhases = (
				522308092B861CAD007CE1A7 /* Sources */,
				5223080A2B861CAD007CE1A7 /* Frameworks */,
				5223080B2B861CAD007CE1A7 /* Resources */,
			);
			buildRules = (
			);
			dependencies = (
				5223080F2B861CAD007CE1A7 /* PBXTargetDependency */,
			);
			name = ScoreCounterUITests;
			productName = ScoreCounterUITests;
			productReference = 5223080D2B861CAD007CE1A7 /* ScoreCounterUITests.xctest */;
			productType = "com.apple.product-type.bundle.ui-testing";
		};
/* End PBXNativeTarget section */

/* Begin PBXProject section */
		522307EB2B861CAA007CE1A7 /* Project object */ = {
			isa = PBXProject;
			attributes = {
				BuildIndependentTargetsInParallel = 1;
				LastSwiftUpdateCheck = 1520;
				LastUpgradeCheck = 2610;
				TargetAttributes = {
					522307F22B861CAA007CE1A7 = {
						CreatedOnToolsVersion = 15.2;
					};
					522308022B861CAD007CE1A7 = {
						CreatedOnToolsVersion = 15.2;
						TestTargetID = 522307F22B861CAA007CE1A7;
					};
					5223080C2B861CAD007CE1A7 = {
						CreatedOnToolsVersion = 15.2;
						TestTargetID = 522307F22B861CAA007CE1A7;
					};
				};
			};
			buildConfigurationList = 522307EE2B861CAA007CE1A7 /* Build configuration list for PBXProject "ScoreCounter" */;
			compatibilityVersion = "Xcode 15.0";
			developmentRegion = en;
			hasScannedForEncodings = 0;
			knownRegions = (
				en,
				Base,
			);
			mainGroup = 522307EA2B861CAA007CE1A7;
			packageReferences = (
				525C5C032B88C61D00287B61 /* XCRemoteSwiftPackageReference "SQLite.swift" */,
				525C5C0D2B88F33500287B61 /* XCRemoteSwiftPackageReference "SQLiteMigrationManager.swift" */,
				52F3D5A32B94E53E00BC359C /* XCRemoteSwiftPackageReference "JDStatusBarNotification" */,
			);
			productRefGroup = 522307F42B861CAA007CE1A7 /* Products */;
			projectDirPath = "";
			projectRoot = "";
			targets = (
				522307F22B861CAA007CE1A7 /* ScoreCounter */,
				522308022B861CAD007CE1A7 /* ScoreCounterTests */,
				5223080C2B861CAD007CE1A7 /* ScoreCounterUITests */,
			);
		};
/* End PBXProject section */

/* Begin PBXResourcesBuildPhase section */
		522307F12B861CAA007CE1A7 /* Resources */ = {
			isa = PBXResourcesBuildPhase;
			buildActionMask = 2147483647;
			files = (
				5287D23A2B9938A8009E4809 /* Oswald-Regular.ttf in Resources */,
				525C5BF82B876FFF00287B61 /* .gitignore in Resources */,
				5287D2392B9938A8009E4809 /* Oswald-Bold.ttf in Resources */,
				5287D2432B993B9F009E4809 /* RobotoMono-Light.ttf in Resources */,
				5287D23D2B9938A8009E4809 /* Oswald-Light.ttf in Resources */,
				525C5C372B89FE8C00287B61 /* dice_roll.wav in Resources */,
				5287D23C2B9938A8009E4809 /* Oswald-ExtraLight.ttf in Resources */,
				5287D2422B993B9F009E4809 /* RobotoMono-Bold.ttf in Resources */,
				5287D2482B9945AD009E4809 /* Micro5-Regular.ttf in Resources */,
				520527DB2BD2F58600C36EC3 /* winningAnimation.gif in Resources */,
				5287D2442B993B9F009E4809 /* RobotoMono-Medium.ttf in Resources */,
				52B747042B8BC68500F46FE0 /* img in Resources */,
				525C5C0B2B88EDAA00287B61 /* db.sqlite in Resources */,
				5287D2382B9938A8009E4809 /* Oswald-SemiBold.ttf in Resources */,
				522307FE2B861CAC007CE1A7 /* Preview Assets.xcassets in Resources */,
				525C5BF32B86BA7E00287B61 /* names.json in Resources */,
				5287D23B2B9938A8009E4809 /* Oswald-Medium.ttf in Resources */,
				521DE8FA2B9E67E70045C9F0 /* names-fr.json in Resources */,
				525C5BF62B876FA800287B61 /* LICENSE in Resources */,
				522307FB2B861CAC007CE1A7 /* Assets.xcassets in Resources */,
			);
			runOnlyForDeploymentPostprocessing = 0;
		};
		522308012B861CAD007CE1A7 /* Resources */ = {
			isa = PBXResourcesBuildPhase;
			buildActionMask = 2147483647;
			files = (
			);
			runOnlyForDeploymentPostprocessing = 0;
		};
		5223080B2B861CAD007CE1A7 /* Resources */ = {
			isa = PBXResourcesBuildPhase;
			buildActionMask = 2147483647;
			files = (
			);
			runOnlyForDeploymentPostprocessing = 0;
		};
/* End PBXResourcesBuildPhase section */

/* Begin PBXSourcesBuildPhase section */
		522307EF2B861CAA007CE1A7 /* Sources */ = {
			isa = PBXSourcesBuildPhase;
			buildActionMask = 2147483647;
			files = (
				525C5C312B89F5DA00287B61 /* DiceNode.swift in Sources */,
				525C5C182B89560C00287B61 /* SettingsView.swift in Sources */,
				522307F92B861CAA007CE1A7 /* ContentView.swift in Sources */,
				52F3D59F2B912FAF00BC359C /* DeckRowView.swift in Sources */,
				520527E22BDEA36B00C36EC3 /* DiceSettingsView.swift in Sources */,
				524B87732B864FF300DECBF9 /* PlayerEditView.swift in Sources */,
				528D63A42B9798F100417E66 /* ScoreIncrementsSection.swift in Sources */,
				525C5C242B89F49300287B61 /* CGPoint+Distance.swift in Sources */,
				525C5C022B88BFFE00287B61 /* Deck.swift in Sources */,
				52641D5B2BD06CB100894869 /* GifImage.swift in Sources */,
				525C5C212B89F41D00287B61 /* SceneCreator.swift in Sources */,
				525C5C082B88CE7E00287B61 /* SqliteService.swift in Sources */,
				525C5C332B89F60C00287B61 /* GameScene.swift in Sources */,
				52F3D5A92B96090100BC359C /* CustomStepper.swift in Sources */,
				52B746F52B8BBBAB00F46FE0 /* DeckMigration+PlayerMigration.swift in Sources */,
				521DE8FD2BA9CB070045C9F0 /* EditDeckView.swift in Sources */,
				525C5C2A2B89F4F400287B61 /* UIView.swift in Sources */,
				525C5C282B89F4D700287B61 /* SKTexture+Gradient.swift in Sources */,
				520527DF2BDC2BD500C36EC3 /* EventBus.swift in Sources */,
				5267E4BA2B8B5B2D00A71997 /* SideMenu.swift in Sources */,
				5267E4BC2B8B631A00A71997 /* SideMenuView.swift in Sources */,
				525C5C1E2B89F37B00287B61 /* DiceSide.swift in Sources */,
				524B87712B864FA500DECBF9 /* Player.swift in Sources */,
				525C5C352B89F63600287B61 /* GameViewController.swift in Sources */,
				525C5C1A2B8956A400287B61 /* SeedDb.swift in Sources */,
				525C5C162B89424C00287B61 /* PlayersView.swift in Sources */,
				524B87772B866BC700DECBF9 /* DeckActionBarView.swift in Sources */,
				524B87752B86579000DECBF9 /* PlayerRow.swift in Sources */,
				52F3D5A72B95EA6D00BC359C /* EditWinningScoreView.swift in Sources */,
				525C5C1C2B89F35E00287B61 /* DiceRepresentationModel.swift in Sources */,
				524B877B2B86731600DECBF9 /* LandingPageView.swift in Sources */,
				5267E4BE2B8B746F00A71997 /* DeckController.swift in Sources */,
				520527DD2BDC1A3300C36EC3 /* DiceActionBarView.swift in Sources */,
				525C5C2D2B89F52B00287B61 /* ShakeDetectable.swift in Sources */,
				525C5C3A2B8A23D400287B61 /* DataController+SettingsController.swift in Sources */,
				525C5C122B89333100287B61 /* AppSettings.swift in Sources */,
				525C5C262B89F4AB00287B61 /* SKScene+ClosestChild.swift in Sources */,
				525C5BF12B86B9F800287B61 /* FileLoader.swift in Sources */,
				522307F72B861CAA007CE1A7 /* ScoreCounterApp.swift in Sources */,
				525C5C142B89362400287B61 /* BottomTaskBarView.swift in Sources */,
				528D63A12B97211C00417E66 /* StoreView.swift in Sources */,
				524B87792B866C6900DECBF9 /* PlayerFunctions.swift in Sources */,
			);
			runOnlyForDeploymentPostprocessing = 0;
		};
		522307FF2B861CAD007CE1A7 /* Sources */ = {
			isa = PBXSourcesBuildPhase;
			buildActionMask = 2147483647;
			files = (
				522308082B861CAD007CE1A7 /* ScoreCounterTests.swift in Sources */,
			);
			runOnlyForDeploymentPostprocessing = 0;
		};
		522308092B861CAD007CE1A7 /* Sources */ = {
			isa = PBXSourcesBuildPhase;
			buildActionMask = 2147483647;
			files = (
				522308142B861CAD007CE1A7 /* ScoreCounterUITestsLaunchTests.swift in Sources */,
				522308122B861CAD007CE1A7 /* ScoreCounterUITests.swift in Sources */,
			);
			runOnlyForDeploymentPostprocessing = 0;
		};
/* End PBXSourcesBuildPhase section */

/* Begin PBXTargetDependency section */
		522308052B861CAD007CE1A7 /* PBXTargetDependency */ = {
			isa = PBXTargetDependency;
			target = 522307F22B861CAA007CE1A7 /* ScoreCounter */;
			targetProxy = 522308042B861CAD007CE1A7 /* PBXContainerItemProxy */;
		};
		5223080F2B861CAD007CE1A7 /* PBXTargetDependency */ = {
			isa = PBXTargetDependency;
			target = 522307F22B861CAA007CE1A7 /* ScoreCounter */;
			targetProxy = 5223080E2B861CAD007CE1A7 /* PBXContainerItemProxy */;
		};
/* End PBXTargetDependency section */

/* Begin XCBuildConfiguration section */
		522308152B861CAD007CE1A7 /* Debug */ = {
			isa = XCBuildConfiguration;
			buildSettings = {
				ALWAYS_SEARCH_USER_PATHS = NO;
				ASSETCATALOG_COMPILER_GENERATE_SWIFT_ASSET_SYMBOL_EXTENSIONS = YES;
				CLANG_ANALYZER_NONNULL = YES;
				CLANG_ANALYZER_NUMBER_OBJECT_CONVERSION = YES_AGGRESSIVE;
				CLANG_CXX_LANGUAGE_STANDARD = "gnu++20";
				CLANG_ENABLE_MODULES = YES;
				CLANG_ENABLE_OBJC_ARC = YES;
				CLANG_ENABLE_OBJC_WEAK = YES;
				CLANG_WARN_BLOCK_CAPTURE_AUTORELEASING = YES;
				CLANG_WARN_BOOL_CONVERSION = YES;
				CLANG_WARN_COMMA = YES;
				CLANG_WARN_CONSTANT_CONVERSION = YES;
				CLANG_WARN_DEPRECATED_OBJC_IMPLEMENTATIONS = YES;
				CLANG_WARN_DIRECT_OBJC_ISA_USAGE = YES_ERROR;
				CLANG_WARN_DOCUMENTATION_COMMENTS = YES;
				CLANG_WARN_EMPTY_BODY = YES;
				CLANG_WARN_ENUM_CONVERSION = YES;
				CLANG_WARN_INFINITE_RECURSION = YES;
				CLANG_WARN_INT_CONVERSION = YES;
				CLANG_WARN_NON_LITERAL_NULL_CONVERSION = YES;
				CLANG_WARN_OBJC_IMPLICIT_RETAIN_SELF = YES;
				CLANG_WARN_OBJC_LITERAL_CONVERSION = YES;
				CLANG_WARN_OBJC_ROOT_CLASS = YES_ERROR;
				CLANG_WARN_QUOTED_INCLUDE_IN_FRAMEWORK_HEADER = YES;
				CLANG_WARN_RANGE_LOOP_ANALYSIS = YES;
				CLANG_WARN_STRICT_PROTOTYPES = YES;
				CLANG_WARN_SUSPICIOUS_MOVE = YES;
				CLANG_WARN_UNGUARDED_AVAILABILITY = YES_AGGRESSIVE;
				CLANG_WARN_UNREACHABLE_CODE = YES;
				CLANG_WARN__DUPLICATE_METHOD_MATCH = YES;
				COPY_PHASE_STRIP = NO;
				DEBUG_INFORMATION_FORMAT = dwarf;
				DEVELOPMENT_TEAM = WGF76DKK38;
				ENABLE_STRICT_OBJC_MSGSEND = YES;
				ENABLE_TESTABILITY = YES;
				ENABLE_USER_SCRIPT_SANDBOXING = YES;
				GCC_C_LANGUAGE_STANDARD = gnu17;
				GCC_DYNAMIC_NO_PIC = NO;
				GCC_NO_COMMON_BLOCKS = YES;
				GCC_OPTIMIZATION_LEVEL = 0;
				GCC_PREPROCESSOR_DEFINITIONS = (
					"DEBUG=1",
					"$(inherited)",
				);
				GCC_WARN_64_TO_32_BIT_CONVERSION = YES;
				GCC_WARN_ABOUT_RETURN_TYPE = YES_ERROR;
				GCC_WARN_UNDECLARED_SELECTOR = YES;
				GCC_WARN_UNINITIALIZED_AUTOS = YES_AGGRESSIVE;
				GCC_WARN_UNUSED_FUNCTION = YES;
				GCC_WARN_UNUSED_VARIABLE = YES;
				"INFOPLIST_KEY_UIRequiredDeviceCapabilities[sdk=iphoneos*]" = "";
				INFOPLIST_KEY_UIStatusBarStyle = UIStatusBarStyleDarkContent;
				INFOPLIST_KEY_UISupportedInterfaceOrientations = "\"Portrait(bottom home button)\"";
				INFOPLIST_KEY_UISupportedInterfaceOrientations_iPad = "\"Portrait(bottom home button)\"";
				INFOPLIST_KEY_UISupportedInterfaceOrientations_iPhone = "\"Portrait(bottom home button)\"";
				IPHONEOS_DEPLOYMENT_TARGET = 17.0;
				LOCALIZATION_PREFERS_STRING_CATALOGS = YES;
				MTL_ENABLE_DEBUG_INFO = INCLUDE_SOURCE;
				MTL_FAST_MATH = YES;
				ONLY_ACTIVE_ARCH = YES;
				SDKROOT = iphoneos;
				STRING_CATALOG_GENERATE_SYMBOLS = YES;
				SWIFT_ACTIVE_COMPILATION_CONDITIONS = "DEBUG $(inherited)";
				SWIFT_OPTIMIZATION_LEVEL = "-Onone";
				VERSIONING_SYSTEM = "apple-generic";
			};
			name = Debug;
		};
		522308162B861CAD007CE1A7 /* Release */ = {
			isa = XCBuildConfiguration;
			buildSettings = {
				ALWAYS_SEARCH_USER_PATHS = NO;
				ASSETCATALOG_COMPILER_GENERATE_SWIFT_ASSET_SYMBOL_EXTENSIONS = YES;
				CLANG_ANALYZER_NONNULL = YES;
				CLANG_ANALYZER_NUMBER_OBJECT_CONVERSION = YES_AGGRESSIVE;
				CLANG_CXX_LANGUAGE_STANDARD = "gnu++20";
				CLANG_ENABLE_MODULES = YES;
				CLANG_ENABLE_OBJC_ARC = YES;
				CLANG_ENABLE_OBJC_WEAK = YES;
				CLANG_WARN_BLOCK_CAPTURE_AUTORELEASING = YES;
				CLANG_WARN_BOOL_CONVERSION = YES;
				CLANG_WARN_COMMA = YES;
				CLANG_WARN_CONSTANT_CONVERSION = YES;
				CLANG_WARN_DEPRECATED_OBJC_IMPLEMENTATIONS = YES;
				CLANG_WARN_DIRECT_OBJC_ISA_USAGE = YES_ERROR;
				CLANG_WARN_DOCUMENTATION_COMMENTS = YES;
				CLANG_WARN_EMPTY_BODY = YES;
				CLANG_WARN_ENUM_CONVERSION = YES;
				CLANG_WARN_INFINITE_RECURSION = YES;
				CLANG_WARN_INT_CONVERSION = YES;
				CLANG_WARN_NON_LITERAL_NULL_CONVERSION = YES;
				CLANG_WARN_OBJC_IMPLICIT_RETAIN_SELF = YES;
				CLANG_WARN_OBJC_LITERAL_CONVERSION = YES;
				CLANG_WARN_OBJC_ROOT_CLASS = YES_ERROR;
				CLANG_WARN_QUOTED_INCLUDE_IN_FRAMEWORK_HEADER = YES;
				CLANG_WARN_RANGE_LOOP_ANALYSIS = YES;
				CLANG_WARN_STRICT_PROTOTYPES = YES;
				CLANG_WARN_SUSPICIOUS_MOVE = YES;
				CLANG_WARN_UNGUARDED_AVAILABILITY = YES_AGGRESSIVE;
				CLANG_WARN_UNREACHABLE_CODE = YES;
				CLANG_WARN__DUPLICATE_METHOD_MATCH = YES;
				COPY_PHASE_STRIP = NO;
				DEBUG_INFORMATION_FORMAT = "dwarf-with-dsym";
				DEVELOPMENT_TEAM = WGF76DKK38;
				ENABLE_NS_ASSERTIONS = NO;
				ENABLE_STRICT_OBJC_MSGSEND = YES;
				ENABLE_USER_SCRIPT_SANDBOXING = YES;
				GCC_C_LANGUAGE_STANDARD = gnu17;
				GCC_NO_COMMON_BLOCKS = YES;
				GCC_WARN_64_TO_32_BIT_CONVERSION = YES;
				GCC_WARN_ABOUT_RETURN_TYPE = YES_ERROR;
				GCC_WARN_UNDECLARED_SELECTOR = YES;
				GCC_WARN_UNINITIALIZED_AUTOS = YES_AGGRESSIVE;
				GCC_WARN_UNUSED_FUNCTION = YES;
				GCC_WARN_UNUSED_VARIABLE = YES;
				"INFOPLIST_KEY_UIRequiredDeviceCapabilities[sdk=iphoneos*]" = "";
				INFOPLIST_KEY_UIStatusBarStyle = UIStatusBarStyleDarkContent;
				INFOPLIST_KEY_UISupportedInterfaceOrientations = "\"Portrait(bottom home button)\"";
				INFOPLIST_KEY_UISupportedInterfaceOrientations_iPad = "\"Portrait(bottom home button)\"";
				INFOPLIST_KEY_UISupportedInterfaceOrientations_iPhone = "\"Portrait(bottom home button)\"";
				IPHONEOS_DEPLOYMENT_TARGET = 17.0;
				LOCALIZATION_PREFERS_STRING_CATALOGS = YES;
				MTL_ENABLE_DEBUG_INFO = NO;
				MTL_FAST_MATH = YES;
				SDKROOT = iphoneos;
				STRING_CATALOG_GENERATE_SYMBOLS = YES;
				SWIFT_COMPILATION_MODE = wholemodule;
				VALIDATE_PRODUCT = YES;
				VERSIONING_SYSTEM = "apple-generic";
			};
			name = Release;
		};
		522308182B861CAD007CE1A7 /* Debug */ = {
			isa = XCBuildConfiguration;
			buildSettings = {
				ASSETCATALOG_COMPILER_APPICON_NAME = AppIcon;
				ASSETCATALOG_COMPILER_GLOBAL_ACCENT_COLOR_NAME = AccentColor;
				ASSETCATALOG_COMPILER_INCLUDE_ALL_APPICON_ASSETS = NO;
				CODE_SIGN_STYLE = Automatic;
				CURRENT_PROJECT_VERSION = 1;
				DEVELOPMENT_ASSET_PATHS = "\"ScoreCounter/Preview Content\"";
				ENABLE_PREVIEWS = YES;
				GENERATE_INFOPLIST_FILE = YES;
				INFOPLIST_FILE = ScoreCounter/Info.plist;
				INFOPLIST_KEY_CFBundleDisplayName = "Score Counter";
				"INFOPLIST_KEY_CFBundleDisplayName[sdk=*]" = "Score Counter";
				INFOPLIST_KEY_LSApplicationCategoryType = "public.app-category.utilities";
				INFOPLIST_KEY_UIApplicationSceneManifest_Generation = YES;
				INFOPLIST_KEY_UIApplicationSupportsIndirectInputEvents = YES;
				INFOPLIST_KEY_UILaunchScreen_Generation = YES;
				INFOPLIST_KEY_UIRequiredDeviceCapabilities = "";
				INFOPLIST_KEY_UIRequiresFullScreen = YES;
				INFOPLIST_KEY_UIStatusBarStyle = UIStatusBarStyleDarkContent;
				INFOPLIST_KEY_UISupportedInterfaceOrientations = "Portrait(bottom\\ home\\ button)";
				INFOPLIST_KEY_UISupportedInterfaceOrientations_iPad = "Portrait(bottom\\ home\\ button) UIInterfaceOrientationPortrait";
				INFOPLIST_KEY_UISupportedInterfaceOrientations_iPhone = "Portrait(bottom\\ home\\ button)";
				IPHONEOS_DEPLOYMENT_TARGET = 17.0;
				LD_RUNPATH_SEARCH_PATHS = (
					"$(inherited)",
					"@executable_path/Frameworks",
				);
				MARKETING_VERSION = 1.0;
				PRODUCT_BUNDLE_IDENTIFIER = io.aminekun90.ScoreCounter;
				PRODUCT_NAME = "$(TARGET_NAME)";
				SWIFT_EMIT_LOC_STRINGS = YES;
				SWIFT_VERSION = 5.0;
				TARGETED_DEVICE_FAMILY = "1,2";
			};
			name = Debug;
		};
		522308192B861CAD007CE1A7 /* Release */ = {
			isa = XCBuildConfiguration;
			buildSettings = {
				ASSETCATALOG_COMPILER_APPICON_NAME = AppIcon;
				ASSETCATALOG_COMPILER_GLOBAL_ACCENT_COLOR_NAME = AccentColor;
				ASSETCATALOG_COMPILER_INCLUDE_ALL_APPICON_ASSETS = NO;
				CODE_SIGN_STYLE = Automatic;
				CURRENT_PROJECT_VERSION = 1;
				DEVELOPMENT_ASSET_PATHS = "\"ScoreCounter/Preview Content\"";
				ENABLE_PREVIEWS = YES;
				GENERATE_INFOPLIST_FILE = YES;
				INFOPLIST_FILE = ScoreCounter/Info.plist;
				INFOPLIST_KEY_CFBundleDisplayName = "Score Counter";
				"INFOPLIST_KEY_CFBundleDisplayName[sdk=*]" = "Score Counter";
				INFOPLIST_KEY_LSApplicationCategoryType = "public.app-category.utilities";
				INFOPLIST_KEY_UIApplicationSceneManifest_Generation = YES;
				INFOPLIST_KEY_UIApplicationSupportsIndirectInputEvents = YES;
				INFOPLIST_KEY_UILaunchScreen_Generation = YES;
				INFOPLIST_KEY_UIRequiredDeviceCapabilities = "";
				INFOPLIST_KEY_UIRequiresFullScreen = YES;
				INFOPLIST_KEY_UIStatusBarStyle = UIStatusBarStyleDarkContent;
				INFOPLIST_KEY_UISupportedInterfaceOrientations = "Portrait(bottom\\ home\\ button)";
				INFOPLIST_KEY_UISupportedInterfaceOrientations_iPad = "Portrait(bottom\\ home\\ button) UIInterfaceOrientationPortrait";
				INFOPLIST_KEY_UISupportedInterfaceOrientations_iPhone = "Portrait(bottom\\ home\\ button)";
				IPHONEOS_DEPLOYMENT_TARGET = 17.0;
				LD_RUNPATH_SEARCH_PATHS = (
					"$(inherited)",
					"@executable_path/Frameworks",
				);
				MARKETING_VERSION = 1.0;
				PRODUCT_BUNDLE_IDENTIFIER = io.aminekun90.ScoreCounter;
				PRODUCT_NAME = "$(TARGET_NAME)";
				SWIFT_EMIT_LOC_STRINGS = YES;
				SWIFT_VERSION = 5.0;
				TARGETED_DEVICE_FAMILY = "1,2";
			};
			name = Release;
		};
		5223081B2B861CAD007CE1A7 /* Debug */ = {
			isa = XCBuildConfiguration;
			buildSettings = {
				BUNDLE_LOADER = "$(TEST_HOST)";
				CODE_SIGN_STYLE = Automatic;
				CURRENT_PROJECT_VERSION = 1;
				GENERATE_INFOPLIST_FILE = YES;
				IPHONEOS_DEPLOYMENT_TARGET = 17.2;
				MARKETING_VERSION = 1.0;
				PRODUCT_BUNDLE_IDENTIFIER = io.aminekun90.ScoreCounterTests;
				PRODUCT_NAME = "$(TARGET_NAME)";
				SWIFT_EMIT_LOC_STRINGS = NO;
				SWIFT_VERSION = 5.0;
				TARGETED_DEVICE_FAMILY = "1,2";
				TEST_HOST = "$(BUILT_PRODUCTS_DIR)/ScoreCounter.app/$(BUNDLE_EXECUTABLE_FOLDER_PATH)/ScoreCounter";
			};
			name = Debug;
		};
		5223081C2B861CAD007CE1A7 /* Release */ = {
			isa = XCBuildConfiguration;
			buildSettings = {
				BUNDLE_LOADER = "$(TEST_HOST)";
				CODE_SIGN_STYLE = Automatic;
				CURRENT_PROJECT_VERSION = 1;
				GENERATE_INFOPLIST_FILE = YES;
				IPHONEOS_DEPLOYMENT_TARGET = 17.2;
				MARKETING_VERSION = 1.0;
				PRODUCT_BUNDLE_IDENTIFIER = io.aminekun90.ScoreCounterTests;
				PRODUCT_NAME = "$(TARGET_NAME)";
				SWIFT_EMIT_LOC_STRINGS = NO;
				SWIFT_VERSION = 5.0;
				TARGETED_DEVICE_FAMILY = "1,2";
				TEST_HOST = "$(BUILT_PRODUCTS_DIR)/ScoreCounter.app/$(BUNDLE_EXECUTABLE_FOLDER_PATH)/ScoreCounter";
			};
			name = Release;
		};
		5223081E2B861CAD007CE1A7 /* Debug */ = {
			isa = XCBuildConfiguration;
			buildSettings = {
				CODE_SIGN_STYLE = Automatic;
				CURRENT_PROJECT_VERSION = 1;
				GENERATE_INFOPLIST_FILE = YES;
				MARKETING_VERSION = 1.0;
				PRODUCT_BUNDLE_IDENTIFIER = io.aminekun90.ScoreCounterUITests;
				PRODUCT_NAME = "$(TARGET_NAME)";
				SWIFT_EMIT_LOC_STRINGS = NO;
				SWIFT_VERSION = 5.0;
				TARGETED_DEVICE_FAMILY = "1,2";
				TEST_TARGET_NAME = ScoreCounter;
			};
			name = Debug;
		};
		5223081F2B861CAD007CE1A7 /* Release */ = {
			isa = XCBuildConfiguration;
			buildSettings = {
				CODE_SIGN_STYLE = Automatic;
				CURRENT_PROJECT_VERSION = 1;
				GENERATE_INFOPLIST_FILE = YES;
				MARKETING_VERSION = 1.0;
				PRODUCT_BUNDLE_IDENTIFIER = io.aminekun90.ScoreCounterUITests;
				PRODUCT_NAME = "$(TARGET_NAME)";
				SWIFT_EMIT_LOC_STRINGS = NO;
				SWIFT_VERSION = 5.0;
				TARGETED_DEVICE_FAMILY = "1,2";
				TEST_TARGET_NAME = ScoreCounter;
			};
			name = Release;
		};
/* End XCBuildConfiguration section */

/* Begin XCConfigurationList section */
		522307EE2B861CAA007CE1A7 /* Build configuration list for PBXProject "ScoreCounter" */ = {
			isa = XCConfigurationList;
			buildConfigurations = (
				522308152B861CAD007CE1A7 /* Debug */,
				522308162B861CAD007CE1A7 /* Release */,
			);
			defaultConfigurationIsVisible = 0;
			defaultConfigurationName = Release;
		};
		522308172B861CAD007CE1A7 /* Build configuration list for PBXNativeTarget "ScoreCounter" */ = {
			isa = XCConfigurationList;
			buildConfigurations = (
				522308182B861CAD007CE1A7 /* Debug */,
				522308192B861CAD007CE1A7 /* Release */,
			);
			defaultConfigurationIsVisible = 0;
			defaultConfigurationName = Release;
		};
		5223081A2B861CAD007CE1A7 /* Build configuration list for PBXNativeTarget "ScoreCounterTests" */ = {
			isa = XCConfigurationList;
			buildConfigurations = (
				5223081B2B861CAD007CE1A7 /* Debug */,
				5223081C2B861CAD007CE1A7 /* Release */,
			);
			defaultConfigurationIsVisible = 0;
			defaultConfigurationName = Release;
		};
		5223081D2B861CAD007CE1A7 /* Build configuration list for PBXNativeTarget "ScoreCounterUITests" */ = {
			isa = XCConfigurationList;
			buildConfigurations = (
				5223081E2B861CAD007CE1A7 /* Debug */,
				5223081F2B861CAD007CE1A7 /* Release */,
			);
			defaultConfigurationIsVisible = 0;
			defaultConfigurationName = Release;
		};
/* End XCConfigurationList section */

/* Begin XCRemoteSwiftPackageReference section */
		525C5C032B88C61D00287B61 /* XCRemoteSwiftPackageReference "SQLite.swift" */ = {
			isa = XCRemoteSwiftPackageReference;
			repositoryURL = "https://github.com/stephencelis/SQLite.swift.git";
			requirement = {
				kind = upToNextMajorVersion;
				minimumVersion = 0.14.1;
			};
		};
		525C5C0D2B88F33500287B61 /* XCRemoteSwiftPackageReference "SQLiteMigrationManager.swift" */ = {
			isa = XCRemoteSwiftPackageReference;
			repositoryURL = "https://github.com/garriguv/SQLiteMigrationManager.swift.git";
			requirement = {
				kind = upToNextMajorVersion;
				minimumVersion = 0.8.1;
			};
		};
		52F3D5A32B94E53E00BC359C /* XCRemoteSwiftPackageReference "JDStatusBarNotification" */ = {
			isa = XCRemoteSwiftPackageReference;
			repositoryURL = "https://github.com/calimarkus/JDStatusBarNotification.git";
			requirement = {
				kind = upToNextMajorVersion;
				minimumVersion = 2.2.1;
			};
		};
/* End XCRemoteSwiftPackageReference section */

/* Begin XCSwiftPackageProductDependency section */
		525C5BEE2B86B32600287B61 /* JDStatusBarNotification */ = {
			isa = XCSwiftPackageProductDependency;
			productName = JDStatusBarNotification;
		};
		525C5C042B88C61D00287B61 /* SQLite */ = {
			isa = XCSwiftPackageProductDependency;
			package = 525C5C032B88C61D00287B61 /* XCRemoteSwiftPackageReference "SQLite.swift" */;
			productName = SQLite;
		};
		525C5C0E2B88F33500287B61 /* SQLiteMigrationManager */ = {
			isa = XCSwiftPackageProductDependency;
			package = 525C5C0D2B88F33500287B61 /* XCRemoteSwiftPackageReference "SQLiteMigrationManager.swift" */;
			productName = SQLiteMigrationManager;
		};
		52F3D5A42B94E53E00BC359C /* JDStatusBarNotification */ = {
			isa = XCSwiftPackageProductDependency;
			package = 52F3D5A32B94E53E00BC359C /* XCRemoteSwiftPackageReference "JDStatusBarNotification" */;
			productName = JDStatusBarNotification;
		};
/* End XCSwiftPackageProductDependency section */
	};
	rootObject = 522307EB2B861CAA007CE1A7 /* Project object */;
}
