{
  "originHash" : "35bb835361db90d79af4a4cc64e1957c6f257c36df3ad56df8749bdf3c43156b",
  "pins" : [
    {
      "identity" : "jdstatusbarnotification",
      "kind" : "remoteSourceControl",
      "location" : "https://github.com/calimarkus/JDStatusBarNotification.git",
      "state" : {
        "revision" : "ffde0bab9fd0b47e426e696b5fe53deefc781452",
        "version" : "2.2.2"
      }
    },
    {
      "identity" : "sqlite.swift",
      "kind" : "remoteSourceControl",
      "location" : "https://github.com/stephencelis/SQLite.swift.git",
      "state" : {
        "revision" : "a95fc6df17d108bd99210db5e8a9bac90fe984b8",
        "version" : "0.15.3"
      }
    },
    {
      "identity" : "sqlitemigrationmanager.swift",
      "kind" : "remoteSourceControl",
      "location" : "https://github.com/garriguv/SQLiteMigrationManager.swift.git",
      "state" : {
        "revision" : "1ae71f0b0badb1538fad655d4b8894ad2a01846a",
        "version" : "0.8.1"
      }
    }
  ],
  "version" : 3
}
