{
  "originHash" : "35bb835361db90d79af4a4cc64e1957c6f257c36df3ad56df8749bdf3c43156b",
  "pins" : [
    {
      "identity" : "jdstatusbarnotification",
      "kind" : "remoteSourceControl",
      "location" : "https://github.com/calimarkus/JDStatusBarNotification.git",
      "state" : {
        "revision" : "8214549f7e2a472174a743c4f9bf64f005f6aacc",
        "version" : "2.2.4"
      }
    },
    {
      "identity" : "sqlite.swift",
      "kind" : "remoteSourceControl",
      "location" : "https://github.com/stephencelis/SQLite.swift.git",
      "state" : {
        "revision" : "392dd6058624d9f6c5b4c769d165ddd8c7293394",
        "version" : "0.15.4"
      }
    },
    {
      "identity" : "sqlitemigrationmanager.swift",
      "kind" : "remoteSourceControl",
      "location" : "https://github.com/garriguv/SQLiteMigrationManager.swift.git",
      "state" : {
        "revision" : "42281bf1111a4bba144c5ba138724514383ff3ab",
        "version" : "0.8.3"
      }
    },
    {
      "identity" : "swift-toolchain-sqlite",
      "kind" : "remoteSourceControl",
      "location" : "https://github.com/swiftlang/swift-toolchain-sqlite",
      "state" : {
        "revision" : "b626d3002773b1a1304166643e7f118f724b2132",
        "version" : "1.0.4"
      }
    }
  ],
  "version" : 3
}
