{
  "pins" : [
    {
      "identity" : "jdstatusbarnotification",
      "kind" : "remoteSourceControl",
      "location" : "https://github.com/calimarkus/JDStatusBarNotification.git",
      "state" : {
        "revision" : "a999165a910750968093e2eb113900ae9eda5159",
        "version" : "2.2.1"
      }
    },
    {
      "identity" : "sqlite.swift",
      "kind" : "remoteSourceControl",
      "location" : "https://github.com/stephencelis/SQLite.swift.git",
      "state" : {
        "revision" : "e78ae0220e17525a15ac68c697a155eb7a672a8e",
        "version" : "0.15.0"
      }
    },
    {
      "identity" : "sqlitemigrationmanager.swift",
      "kind" : "remoteSourceControl",
      "location" : "https://github.com/garriguv/SQLiteMigrationManager.swift.git",
      "state" : {
        "revision" : "1ae71f0b0badb1538fad655d4b8894ad2a01846a",
        "version" : "0.8.1"
      }
    }
  ],
  "version" : 2
}
